<?xml version="1.0" encoding="utf-8"?>
<Project ToolsVersion="4.0" xmlns="http://schemas.microsoft.com/developer/msbuild/2003">
  <ItemGroup>
    <Filter Include="リソース ファイル">
      <UniqueIdentifier>{67DA6AB6-F800-4c08-8B7A-83BB121AAD01}</UniqueIdentifier>
      <Extensions>rc;ico;cur;bmp;dlg;rc2;rct;bin;rgs;gif;jpg;jpeg;jpe;resx;tiff;tif;png;wav;mfcribbon-ms</Extensions>
    </Filter>
    <Filter Include="src">
      <UniqueIdentifier>{b9dfc30b-afe6-48d2-b8fd-fc54b41596ab}</UniqueIdentifier>
    </Filter>
  </ItemGroup>
  <ItemGroup>
    <ClCompile Include="..\..\..\src\mocha\roaster\ast\translator\translator.cc">
      <Filter>src</Filter>
    </ClCompile>
    <ClCompile Include="..\..\..\src\mocha\roaster\nexc\nexc.cc">
      <Filter>src</Filter>
    </ClCompile>
    <ClCompile Include="..\..\..\src\mocha\roaster\nexc\parser\parser.cc">
      <Filter>src</Filter>
    </ClCompile>
    <ClCompile Include="..\..\..\src\mocha\roaster\nexc\tokens\symbol_list.cc">
      <Filter>src</Filter>
    </ClCompile>
    <ClCompile Include="..\..\..\src\mocha\roaster\ast\builder\ast_builder.cc">
      <Filter>src</Filter>
    </ClCompile>
    <ClCompile Include="..\..\..\src\mocha\roaster\nexc\binding\parser_connector.cc">
      <Filter>src</Filter>
    </ClCompile>
    <ClCompile Include="..\..\..\src\mocha\roaster\ast\ast.cc">
      <Filter>src</Filter>
    </ClCompile>
    <ClCompile Include="..\..\..\src\mocha\roaster\nexc\tokens\js_token.cc">
      <Filter>src</Filter>
    </ClCompile>
    <ClCompile Include="..\..\..\src\mocha\roaster\nexc\tokens\token_info.cc">
      <Filter>src</Filter>
    </ClCompile>
    <ClCompile Include="..\..\..\src\mocha\roaster\nexc\loader\loader.cc">
      <Filter>src</Filter>
    </ClCompile>
    <ClCompile Include="..\..\..\src\mocha\roaster\nexc\scanner\encoding\encoding.cc">
      <Filter>src</Filter>
    </ClCompile>
    <ClCompile Include="..\..\..\src\mocha\roaster\nexc\scanner\scanner.cc">
      <Filter>src</Filter>
    </ClCompile>
    <ClCompile Include="..\..\..\src\mocha\roaster\nexc\scanner\source_stream.cc">
      <Filter>src</Filter>
    </ClCompile>
    <ClCompile Include="..\..\..\src\mocha\roaster\nexc\scanner\token_stream.cc">
      <Filter>src</Filter>
    </ClCompile>
    <ClCompile Include="..\..\..\src\mocha\roaster\nexc\compilation_info\compilation_info.cc">
      <Filter>src</Filter>
    </ClCompile>
    <ClCompile Include="..\..\..\src\mocha\roaster\nexc\events\compilation_event\compilation_event.cc">
      <Filter>src</Filter>
    </ClCompile>
    <ClCompile Include="..\..\..\src\mocha\roaster\nexc\events\io_event\io_event.cc">
      <Filter>src</Filter>
    </ClCompile>
    <ClCompile Include="..\..\..\src\mocha\roaster\memory\pool.cc">
      <Filter>src</Filter>
    </ClCompile>
    <ClCompile Include="..\..\..\src\mocha\roaster\platform\thread\thread-win32.cc">
      <Filter>src</Filter>
    </ClCompile>
    <ClCompile Include="..\..\..\src\mocha\roaster\platform\utils\utils-win32.cc">
      <Filter>src</Filter>
    </ClCompile>
    <ClCompile Include="..\..\..\src\mocha\roaster\platform\fs\directory\ut.cc">
      <Filter>src</Filter>
    </ClCompile>
    <ClCompile Include="..\..\..\src\mocha\roaster\platform\fs\directory\directory-win32.cc">
      <Filter>src</Filter>
    </ClCompile>
    <ClCompile Include="..\..\..\src\mocha\roaster\platform\fs\mkdir\mkdir.cc">
      <Filter>src</Filter>
    </ClCompile>
    <ClCompile Include="..\..\..\src\mocha\roaster\platform\fs\mv\mv.cc">
      <Filter>src</Filter>
    </ClCompile>
    <ClCompile Include="..\..\..\src\mocha\roaster\platform\fs\path\path.cc">
      <Filter>src</Filter>
    </ClCompile>
    <ClCompile Include="..\..\..\src\mocha\roaster\platform\fs\path\ut.cc">
      <Filter>src</Filter>
    </ClCompile>
    <ClCompile Include="..\..\..\src\mocha\roaster\platform\fs\rm\rm.cc">
      <Filter>src</Filter>
    </ClCompile>
    <ClCompile Include="..\..\..\src\mocha\roaster\platform\fs\stat\ut.cc">
      <Filter>src</Filter>
    </ClCompile>
    <ClCompile Include="..\..\..\src\mocha\roaster\platform\fs\stat\stat.cc">
      <Filter>src</Filter>
    </ClCompile>
    <ClCompile Include="..\..\..\src\mocha\roaster\platform\fs\virtual_directory\virtual_directory.cc">
      <Filter>src</Filter>
    </ClCompile>
    <ClCompile Include="..\..\..\src\mocha\roaster\ast\seriarization\packer.cc">
      <Filter>src</Filter>
    </ClCompile>
    <ClCompile Include="..\..\..\src\mocha\roaster\ast\seriarization\unpacker.cc">
      <Filter>src</Filter>
    </ClCompile>
    <ClCompile Include="..\..\..\src\mocha\roaster\ast\seriarization\byte.cc">
      <Filter>src</Filter>
    </ClCompile>
    <ClCompile Include="..\..\..\src\mocha\roaster\ast\visitors\symbol_collector.cc">
      <Filter>src</Filter>
    </ClCompile>
    <ClCompile Include="..\..\..\src\mocha\roaster\ast\visitors\codegen_visitor.cc">
      <Filter>src</Filter>
    </ClCompile>
    <ClCompile Include="..\..\..\src\mocha\roaster\ast\visitors\optimizer_visitor.cc">
      <Filter>src</Filter>
    </ClCompile>
    <ClCompile Include="..\..\..\src\mocha\roaster\ast\visitors\utils\codewriter.cc">
      <Filter>src</Filter>
    </ClCompile>
    <ClCompile Include="..\..\..\src\mocha\roaster\ast\visitors\utils\opt\constant_optimizer.cc">
      <Filter>src</Filter>
    </ClCompile>
    <ClCompile Include="..\..\..\src\mocha\roaster\ast\visitors\utils\opt\ifstatement_optimizer.cc">
      <Filter>src</Filter>
    </ClCompile>
    <ClCompile Include="..\..\..\src\mocha\roaster\scopes\scope.cc">
      <Filter>src</Filter>
    </ClCompile>
    <ClCompile Include="..\..\..\src\mocha\roaster\nexc\runtime\pack.cc">
      <Filter>src</Filter>
    </ClCompile>
  </ItemGroup>
  <ItemGroup>
    <ClInclude Include="..\..\..\src\mocha\roaster\ast\translator\translator.h">
      <Filter>src</Filter>
    </ClInclude>
    <ClInclude Include="..\..\..\src\mocha\roaster\nexc\nexc.h">
      <Filter>src</Filter>
    </ClInclude>
    <ClInclude Include="..\..\..\src\mocha\roaster\nexc\parser\parser.h">
      <Filter>src</Filter>
    </ClInclude>
    <ClInclude Include="..\..\..\src\mocha\roaster\nexc\tokens\symbol_list.h">
      <Filter>src</Filter>
    </ClInclude>
    <ClInclude Include="..\..\..\src\mocha\roaster\ast\builder\ast_builder.h">
      <Filter>src</Filter>
    </ClInclude>
    <ClInclude Include="..\..\..\src\mocha\roaster\nexc\binding\parser_connector.h">
      <Filter>src</Filter>
    </ClInclude>
    <ClInclude Include="..\..\..\src\mocha\roaster\ast\ast.h">
      <Filter>src</Filter>
    </ClInclude>
    <ClInclude Include="..\..\..\src\mocha\roaster\nexc\tokens\js_token.h">
      <Filter>src</Filter>
    </ClInclude>
    <ClInclude Include="..\..\..\src\mocha\roaster\nexc\tokens\token_info.h">
      <Filter>src</Filter>
    </ClInclude>
    <ClInclude Include="..\..\..\src\mocha\roaster\nexc\loader\loader.h">
      <Filter>src</Filter>
    </ClInclude>
    <ClInclude Include="..\..\..\src\mocha\roaster\nexc\scanner\encoding\encoding.h">
      <Filter>src</Filter>
    </ClInclude>
    <ClInclude Include="..\..\..\src\mocha\roaster\nexc\scanner\scanner.h">
      <Filter>src</Filter>
    </ClInclude>
    <ClInclude Include="..\..\..\src\mocha\roaster\nexc\scanner\source_stream.h">
      <Filter>src</Filter>
    </ClInclude>
    <ClInclude Include="..\..\..\src\mocha\roaster\nexc\scanner\token_stream.h">
      <Filter>src</Filter>
    </ClInclude>
    <ClInclude Include="..\..\..\src\mocha\roaster\nexc\compilation_info\compilation_info.h">
      <Filter>src</Filter>
    </ClInclude>
    <ClInclude Include="..\..\..\src\mocha\roaster\nexc\events\compilation_event\compilation_event.h">
      <Filter>src</Filter>
    </ClInclude>
    <ClInclude Include="..\..\..\src\mocha\roaster\nexc\events\io_event\io_event.h">
      <Filter>src</Filter>
    </ClInclude>
    <ClInclude Include="..\..\..\src\mocha\roaster\memory\pool.h">
      <Filter>src</Filter>
    </ClInclude>
    <ClInclude Include="..\..\..\src\mocha\roaster\memory\pool-inl.h">
      <Filter>src</Filter>
    </ClInclude>
    <ClInclude Include="..\..\..\src\mocha\roaster\platform\fs\fs.h">
      <Filter>src</Filter>
    </ClInclude>
    <ClInclude Include="..\..\..\src\mocha\roaster\platform\thread\thread.h">
      <Filter>src</Filter>
    </ClInclude>
    <ClInclude Include="..\..\..\src\mocha\roaster\platform\thread\thread-win32.h">
      <Filter>src</Filter>
    </ClInclude>
    <ClInclude Include="..\..\..\src\mocha\roaster\platform\utils\utils.h">
      <Filter>src</Filter>
    </ClInclude>
    <ClInclude Include="..\..\..\src\mocha\roaster\platform\fs\directory\directory.h">
      <Filter>src</Filter>
    </ClInclude>
    <ClInclude Include="..\..\..\src\mocha\roaster\platform\fs\directory\directory-inl.h">
      <Filter>src</Filter>
    </ClInclude>
    <ClInclude Include="..\..\..\src\mocha\roaster\platform\fs\mkdir\mkdir.h">
      <Filter>src</Filter>
    </ClInclude>
    <ClInclude Include="..\..\..\src\mocha\roaster\platform\fs\mv\mv.h">
      <Filter>src</Filter>
    </ClInclude>
    <ClInclude Include="..\..\..\src\mocha\roaster\platform\fs\path\path.h">
      <Filter>src</Filter>
    </ClInclude>
    <ClInclude Include="..\..\..\src\mocha\roaster\platform\fs\rm\rm.h">
      <Filter>src</Filter>
    </ClInclude>
    <ClInclude Include="..\..\..\src\mocha\roaster\platform\fs\stat\stat.h">
      <Filter>src</Filter>
    </ClInclude>
    <ClInclude Include="..\..\..\src\mocha\roaster\platform\fs\virtual_directory\virtual_directory.h">
      <Filter>src</Filter>
    </ClInclude>
    <ClInclude Include="..\..\..\src\mocha\roaster\ast\seriarization\packer.h">
      <Filter>src</Filter>
    </ClInclude>
    <ClInclude Include="..\..\..\src\mocha\roaster\ast\seriarization\byte.h">
      <Filter>src</Filter>
    </ClInclude>
    <ClInclude Include="..\..\..\src\mocha\roaster\ast\seriarization\unpacker.h">
      <Filter>src</Filter>
    </ClInclude>
    <ClInclude Include="..\..\..\src\mocha\roaster\ast\visitors\codegen_visitor.h">
      <Filter>src</Filter>
    </ClInclude>
    <ClInclude Include="..\..\..\src\mocha\roaster\ast\visitors\ivisitor.h">
      <Filter>src</Filter>
    </ClInclude>
    <ClInclude Include="..\..\..\src\mocha\roaster\ast\visitors\symbol_collector.h">
      <Filter>src</Filter>
    </ClInclude>
    <ClInclude Include="..\..\..\src\mocha\roaster\ast\visitors\optimizer_visitor.h">
      <Filter>src</Filter>
    </ClInclude>
    <ClInclude Include="..\..\..\src\mocha\roaster\ast\visitors\visitor_decl.h">
      <Filter>src</Filter>
    </ClInclude>
    <ClInclude Include="..\..\..\src\mocha\roaster\ast\visitors\utils\codewriter.h">
      <Filter>src</Filter>
    </ClInclude>
    <ClInclude Include="..\..\..\src\mocha\roaster\ast\visitors\utils\opt\constant_optimizer.h">
      <Filter>src</Filter>
    </ClInclude>
    <ClInclude Include="..\..\..\src\mocha\roaster\ast\visitors\utils\opt\ifstatement_optimizer.h">
      <Filter>src</Filter>
    </ClInclude>
    <ClInclude Include="..\..\..\src\mocha\roaster\ast\visitors\utils\codegenerator_utils.h">
      <Filter>src</Filter>
    </ClInclude>
    <ClInclude Include="..\..\..\src\mocha\roaster\ast\ast_foward_decl.h">
      <Filter>src</Filter>
    </ClInclude>
    <ClInclude Include="..\..\..\src\mocha\roaster\scopes\scope.h">
      <Filter>src</Filter>
    </ClInclude>
  </ItemGroup>
</Project>