// !$*UTF8*$!
{
	archiveVersion = 1;
	classes = {
	};
	objectVersion = 45;
	objects = {

/* Begin PBXBuildFile section */
		421DF07F14FC711900984294 /* array_processor.cc in Sources */ = {isa = PBXBuildFile; fileRef = 421DF07914FC711900984294 /* array_processor.cc */; };
		421DF08014FC711900984294 /* object_processor.cc in Sources */ = {isa = PBXBuildFile; fileRef = 421DF07B14FC711900984294 /* object_processor.cc */; };
		421DF08114FC711900984294 /* syntax_sugar_processor.cc in Sources */ = {isa = PBXBuildFile; fileRef = 421DF07D14FC711900984294 /* syntax_sugar_processor.cc */; };
		421DF08514FC7DAF00984294 /* codegen_visitor.cc in Sources */ = {isa = PBXBuildFile; fileRef = 421DF08314FC7DAF00984294 /* codegen_visitor.cc */; };
		4225925B14D61AAB00601E9A /* parser.cc in Sources */ = {isa = PBXBuildFile; fileRef = 4225925914D61AAB00601E9A /* parser.cc */; };
		4240792814F77217005C0A2F /* js_values.cc in Sources */ = {isa = PBXBuildFile; fileRef = 4240792614F77217005C0A2F /* js_values.cc */; };
		4240792C14F77229005C0A2F /* analyzer.cc in Sources */ = {isa = PBXBuildFile; fileRef = 4240792A14F77229005C0A2F /* analyzer.cc */; };
		4243B78914DF82B0000813B6 /* external_ast.cc in Sources */ = {isa = PBXBuildFile; fileRef = 4243B78714DF82B0000813B6 /* external_ast.cc */; };
		425E28EE14F469B300B380E4 /* constant_optimizer.cc in Sources */ = {isa = PBXBuildFile; fileRef = 425E28EC14F469B300B380E4 /* constant_optimizer.cc */; };
		42DCC54E14DB6C460063C894 /* compiler_facade.cc in Sources */ = {isa = PBXBuildFile; fileRef = 42DCC54C14DB6C460063C894 /* compiler_facade.cc */; };
		42DCC55114DB6C620063C894 /* compile_result.cc in Sources */ = {isa = PBXBuildFile; fileRef = 42DCC54F14DB6C620063C894 /* compile_result.cc */; };
		42E9C0F514CD21F30043DAE1 /* scanner.cc in Sources */ = {isa = PBXBuildFile; fileRef = 42E9C0EF14CD21F30043DAE1 /* scanner.cc */; };
		42E9C0F614CD21F30043DAE1 /* source_stream.cc in Sources */ = {isa = PBXBuildFile; fileRef = 42E9C0F114CD21F30043DAE1 /* source_stream.cc */; };
		42E9C0F714CD21F30043DAE1 /* token_stream.cc in Sources */ = {isa = PBXBuildFile; fileRef = 42E9C0F314CD21F30043DAE1 /* token_stream.cc */; };
		42E9C0FA14CD22180043DAE1 /* error_reporter.cc in Sources */ = {isa = PBXBuildFile; fileRef = 42E9C0F814CD22180043DAE1 /* error_reporter.cc */; };
		42E9C0FE14CD22390043DAE1 /* encoding.cc in Sources */ = {isa = PBXBuildFile; fileRef = 42E9C0FC14CD22390043DAE1 /* encoding.cc */; };
		42E9C10814CD27E00043DAE1 /* libicudata.a in Frameworks */ = {isa = PBXBuildFile; fileRef = 42E9C10514CD27E00043DAE1 /* libicudata.a */; };
		42E9C10914CD27E00043DAE1 /* libicui18n.a in Frameworks */ = {isa = PBXBuildFile; fileRef = 42E9C10614CD27E00043DAE1 /* libicui18n.a */; };
		42E9C10A14CD27E00043DAE1 /* libicuuc.a in Frameworks */ = {isa = PBXBuildFile; fileRef = 42E9C10714CD27E00043DAE1 /* libicuuc.a */; };
		42F5CBD814EB52C500249737 /* trait_processor.cc in Sources */ = {isa = PBXBuildFile; fileRef = 42F5CBD614EB52C500249737 /* trait_processor.cc */; };
		42FAFD2414F5BDC30031DC83 /* ifstatement_optimizer.cc in Sources */ = {isa = PBXBuildFile; fileRef = 42FAFD2214F5BDC30031DC83 /* ifstatement_optimizer.cc */; };
		42FB786A14DF55A70011C1C4 /* consts.cc in Sources */ = {isa = PBXBuildFile; fileRef = 42FB786814DF55A70011C1C4 /* consts.cc */; };
		42FB786E14DF55B70011C1C4 /* external_resource.cc in Sources */ = {isa = PBXBuildFile; fileRef = 42FB786C14DF55B70011C1C4 /* external_resource.cc */; };
		42FB787114DF55C70011C1C4 /* compile_info.cc in Sources */ = {isa = PBXBuildFile; fileRef = 42FB786F14DF55C70011C1C4 /* compile_info.cc */; };
		42FB787514DF57BF0011C1C4 /* directory.cc in Sources */ = {isa = PBXBuildFile; fileRef = 42FB787314DF57BF0011C1C4 /* directory.cc */; };
		42FB787814DF57E50011C1C4 /* phantom_runner.cc in Sources */ = {isa = PBXBuildFile; fileRef = 42FB787614DF57E50011C1C4 /* phantom_runner.cc */; };
		F217FDD014B0D9F700EF26E8 /* ast.cc in Sources */ = {isa = PBXBuildFile; fileRef = F217FC5C14B0D9F700EF26E8 /* ast.cc */; };
		F217FDD114B0D9F700EF26E8 /* ast_utils.cc in Sources */ = {isa = PBXBuildFile; fileRef = F217FC6014B0D9F700EF26E8 /* ast_utils.cc */; };
		F217FDD214B0D9F700EF26E8 /* ast_transformer.cc in Sources */ = {isa = PBXBuildFile; fileRef = F217FC6314B0D9F700EF26E8 /* ast_transformer.cc */; };
		F217FDD614B0D9F700EF26E8 /* codewriter.cc in Sources */ = {isa = PBXBuildFile; fileRef = F217FC6E14B0D9F700EF26E8 /* codewriter.cc */; };
		F217FDD714B0D9F700EF26E8 /* call_processor.cc in Sources */ = {isa = PBXBuildFile; fileRef = F217FC7114B0D9F700EF26E8 /* call_processor.cc */; };
		F217FDD814B0D9F700EF26E8 /* class_processor.cc in Sources */ = {isa = PBXBuildFile; fileRef = F217FC7314B0D9F700EF26E8 /* class_processor.cc */; };
		F217FDD914B0D9F700EF26E8 /* dsta_processor.cc in Sources */ = {isa = PBXBuildFile; fileRef = F217FC7514B0D9F700EF26E8 /* dsta_processor.cc */; };
		F217FDDA14B0D9F700EF26E8 /* export_processor.cc in Sources */ = {isa = PBXBuildFile; fileRef = F217FC7714B0D9F700EF26E8 /* export_processor.cc */; };
		F217FDDB14B0D9F700EF26E8 /* fileroot_processor.cc in Sources */ = {isa = PBXBuildFile; fileRef = F217FC7914B0D9F700EF26E8 /* fileroot_processor.cc */; };
		F217FDDC14B0D9F700EF26E8 /* function_processor.cc in Sources */ = {isa = PBXBuildFile; fileRef = F217FC7B14B0D9F700EF26E8 /* function_processor.cc */; };
		F217FDDD14B0D9F700EF26E8 /* import_processor.cc in Sources */ = {isa = PBXBuildFile; fileRef = F217FC7D14B0D9F700EF26E8 /* import_processor.cc */; };
		F217FDDE14B0D9F700EF26E8 /* iteration_processor.cc in Sources */ = {isa = PBXBuildFile; fileRef = F217FC7F14B0D9F700EF26E8 /* iteration_processor.cc */; };
		F217FDDF14B0D9F700EF26E8 /* module_processor.cc in Sources */ = {isa = PBXBuildFile; fileRef = F217FC8114B0D9F700EF26E8 /* module_processor.cc */; };
		F217FDE014B0D9F700EF26E8 /* processor_info.cc in Sources */ = {isa = PBXBuildFile; fileRef = F217FC8314B0D9F700EF26E8 /* processor_info.cc */; };
		F217FDE114B0D9F700EF26E8 /* variable_processor.cc in Sources */ = {isa = PBXBuildFile; fileRef = F217FC8514B0D9F700EF26E8 /* variable_processor.cc */; };
		F217FDE214B0D9F700EF26E8 /* yield_processor.cc in Sources */ = {isa = PBXBuildFile; fileRef = F217FC8714B0D9F700EF26E8 /* yield_processor.cc */; };
		F217FDE314B0D9F700EF26E8 /* visitor_info.cc in Sources */ = {isa = PBXBuildFile; fileRef = F217FC8914B0D9F700EF26E8 /* visitor_info.cc */; };
		F217FDE414B0D9F700EF26E8 /* bootstrap.cc in Sources */ = {isa = PBXBuildFile; fileRef = F217FC8E14B0D9F700EF26E8 /* bootstrap.cc */; };
		F217FDE514B0D9F700EF26E8 /* commands.cc in Sources */ = {isa = PBXBuildFile; fileRef = F217FC9114B0D9F700EF26E8 /* commands.cc */; };
		F217FDE614B0D9F700EF26E8 /* commands_analyzer.cc in Sources */ = {isa = PBXBuildFile; fileRef = F217FC9314B0D9F700EF26E8 /* commands_analyzer.cc */; };
		F217FDE714B0D9F700EF26E8 /* interaction.cc in Sources */ = {isa = PBXBuildFile; fileRef = F217FC9514B0D9F700EF26E8 /* interaction.cc */; };
		F217FDE814B0D9F700EF26E8 /* compile_runner.cc in Sources */ = {isa = PBXBuildFile; fileRef = F217FC9814B0D9F700EF26E8 /* compile_runner.cc */; };
		F217FDE914B0D9F700EF26E8 /* error_runner.cc in Sources */ = {isa = PBXBuildFile; fileRef = F217FC9A14B0D9F700EF26E8 /* error_runner.cc */; };
		F217FDEA14B0D9F700EF26E8 /* help_runner.cc in Sources */ = {isa = PBXBuildFile; fileRef = F217FC9C14B0D9F700EF26E8 /* help_runner.cc */; };
		F217FDEB14B0D9F700EF26E8 /* list_runner.cc in Sources */ = {isa = PBXBuildFile; fileRef = F217FC9F14B0D9F700EF26E8 /* list_runner.cc */; };
		F217FDEC14B0D9F700EF26E8 /* observer_runner.cc in Sources */ = {isa = PBXBuildFile; fileRef = F217FCA114B0D9F700EF26E8 /* observer_runner.cc */; };
		F217FDED14B0D9F700EF26E8 /* parser_connector.cc in Sources */ = {isa = PBXBuildFile; fileRef = F217FCA514B0D9F700EF26E8 /* parser_connector.cc */; };
		F217FDEF14B0D9F700EF26E8 /* compiler.cc in Sources */ = {isa = PBXBuildFile; fileRef = F217FCAA14B0D9F700EF26E8 /* compiler.cc */; };
		F217FDF014B0D9F700EF26E8 /* internal.cc in Sources */ = {isa = PBXBuildFile; fileRef = F217FCAC14B0D9F700EF26E8 /* internal.cc */; };
		F217FDF214B0D9F700EF26E8 /* scope.cc in Sources */ = {isa = PBXBuildFile; fileRef = F217FCB414B0D9F700EF26E8 /* scope.cc */; };
		F217FDF314B0D9F700EF26E8 /* js_token.cc in Sources */ = {isa = PBXBuildFile; fileRef = F217FCB714B0D9F700EF26E8 /* js_token.cc */; };
		F217FDF414B0D9F700EF26E8 /* symbol_list.cc in Sources */ = {isa = PBXBuildFile; fileRef = F217FCB914B0D9F700EF26E8 /* symbol_list.cc */; };
		F217FDF514B0D9F700EF26E8 /* token_info.cc in Sources */ = {isa = PBXBuildFile; fileRef = F217FCBB14B0D9F700EF26E8 /* token_info.cc */; };
		F217FDF714B0D9F700EF26E8 /* compiler_utils.cc in Sources */ = {isa = PBXBuildFile; fileRef = F217FCC114B0D9F700EF26E8 /* compiler_utils.cc */; };
		F217FDF814B0D9F700EF26E8 /* exception_handler.cc in Sources */ = {isa = PBXBuildFile; fileRef = F217FCC314B0D9F700EF26E8 /* exception_handler.cc */; };
		F217FDFB14B0D9F700EF26E8 /* main.cc in Sources */ = {isa = PBXBuildFile; fileRef = F217FCD414B0D9F700EF26E8 /* main.cc */; };
		F217FDFC14B0D9F700EF26E8 /* mocha.cc in Sources */ = {isa = PBXBuildFile; fileRef = F217FCD514B0D9F700EF26E8 /* mocha.cc */; };
		F217FDFD14B0D9F700EF26E8 /* commandline_options.cc in Sources */ = {isa = PBXBuildFile; fileRef = F217FCD914B0D9F700EF26E8 /* commandline_options.cc */; };
		F217FDFE14B0D9F700EF26E8 /* setting.cc in Sources */ = {isa = PBXBuildFile; fileRef = F217FCDC14B0D9F700EF26E8 /* setting.cc */; };
		F217FDFF14B0D9F700EF26E8 /* tinystr.cpp in Sources */ = {isa = PBXBuildFile; fileRef = F217FD3C14B0D9F700EF26E8 /* tinystr.cpp */; };
		F217FE0014B0D9F700EF26E8 /* tinyxml.cpp in Sources */ = {isa = PBXBuildFile; fileRef = F217FD3E14B0D9F700EF26E8 /* tinyxml.cpp */; };
		F217FE0114B0D9F700EF26E8 /* tinyxmlerror.cpp in Sources */ = {isa = PBXBuildFile; fileRef = F217FD4214B0D9F700EF26E8 /* tinyxmlerror.cpp */; };
		F217FE0214B0D9F700EF26E8 /* tinyxmlparser.cpp in Sources */ = {isa = PBXBuildFile; fileRef = F217FD4314B0D9F700EF26E8 /* tinyxmlparser.cpp */; };
		F217FE0414B0D9F700EF26E8 /* char_allocator.cc in Sources */ = {isa = PBXBuildFile; fileRef = F217FD5014B0D9F700EF26E8 /* char_allocator.cc */; };
		F217FE0514B0D9F700EF26E8 /* file_system.cc in Sources */ = {isa = PBXBuildFile; fileRef = F217FD5614B0D9F700EF26E8 /* file_system.cc */; };
		F217FE0614B0D9F700EF26E8 /* mkdir.cc in Sources */ = {isa = PBXBuildFile; fileRef = F217FD5814B0D9F700EF26E8 /* mkdir.cc */; };
		F217FE0714B0D9F700EF26E8 /* pwd.cc in Sources */ = {isa = PBXBuildFile; fileRef = F217FD5A14B0D9F700EF26E8 /* pwd.cc */; };
		F217FE0814B0D9F700EF26E8 /* stat.cc in Sources */ = {isa = PBXBuildFile; fileRef = F217FD5C14B0D9F700EF26E8 /* stat.cc */; };
		F217FE0914B0D9F700EF26E8 /* virtual_directory.cc in Sources */ = {isa = PBXBuildFile; fileRef = F217FD5E14B0D9F700EF26E8 /* virtual_directory.cc */; };
		F217FE0A14B0D9F700EF26E8 /* file_watcher-impl.cc in Sources */ = {isa = PBXBuildFile; fileRef = F217FD6114B0D9F700EF26E8 /* file_watcher-impl.cc */; };
		F217FE0C14B0D9F700EF26E8 /* file_watcher.cc in Sources */ = {isa = PBXBuildFile; fileRef = F217FD6314B0D9F700EF26E8 /* file_watcher.cc */; };
		F217FE0D14B0D9F700EF26E8 /* file_observer.cc in Sources */ = {isa = PBXBuildFile; fileRef = F217FD6614B0D9F700EF26E8 /* file_observer.cc */; };
		F217FE0E14B0D9F700EF26E8 /* xml_observer.cc in Sources */ = {isa = PBXBuildFile; fileRef = F217FD6814B0D9F700EF26E8 /* xml_observer.cc */; };
		F217FE0F14B0D9F700EF26E8 /* format.cc in Sources */ = {isa = PBXBuildFile; fileRef = F217FD6A14B0D9F700EF26E8 /* format.cc */; };
		F217FE1614B0D9F700EF26E8 /* file_io.cc in Sources */ = {isa = PBXBuildFile; fileRef = F217FDA514B0D9F700EF26E8 /* file_io.cc */; };
		F217FE1714B0D9F700EF26E8 /* managed_handle.cc in Sources */ = {isa = PBXBuildFile; fileRef = F217FDA914B0D9F700EF26E8 /* managed_handle.cc */; };
		F217FE1814B0D9F700EF26E8 /* profiler.cc in Sources */ = {isa = PBXBuildFile; fileRef = F217FDAB14B0D9F700EF26E8 /* profiler.cc */; };
		F217FE1914B0D9F700EF26E8 /* thread-pthread-impl.cc in Sources */ = {isa = PBXBuildFile; fileRef = F217FDC414B0D9F700EF26E8 /* thread-pthread-impl.cc */; };
		F217FE1B14B0D9F700EF26E8 /* thread.cc in Sources */ = {isa = PBXBuildFile; fileRef = F217FDC614B0D9F700EF26E8 /* thread.cc */; };
		F217FE1C14B0D9F700EF26E8 /* versions.cc in Sources */ = {isa = PBXBuildFile; fileRef = F217FDC914B0D9F700EF26E8 /* versions.cc */; };
		F217FE1D14B0D9F700EF26E8 /* xml_reader.cc in Sources */ = {isa = PBXBuildFile; fileRef = F217FDCB14B0D9F700EF26E8 /* xml_reader.cc */; };
		F217FE1E14B0D9F700EF26E8 /* xml_setting_info.cc in Sources */ = {isa = PBXBuildFile; fileRef = F217FDCE14B0D9F700EF26E8 /* xml_setting_info.cc */; };
/* End PBXBuildFile section */

/* Begin PBXCopyFilesBuildPhase section */
		8DD76F690486A84900D96B5E /* CopyFiles */ = {
			isa = PBXCopyFilesBuildPhase;
			buildActionMask = 8;
			dstPath = /usr/share/man/man1/;
			dstSubfolderSpec = 0;
			files = (
			);
			runOnlyForDeploymentPostprocessing = 1;
		};
/* End PBXCopyFilesBuildPhase section */

/* Begin PBXFileReference section */
		421DF07914FC711900984294 /* array_processor.cc */ = {isa = PBXFileReference; fileEncoding = 4; lastKnownFileType = sourcecode.cpp.cpp; path = array_processor.cc; sourceTree = "<group>"; };
		421DF07A14FC711900984294 /* array_processor.h */ = {isa = PBXFileReference; fileEncoding = 4; lastKnownFileType = sourcecode.c.h; path = array_processor.h; sourceTree = "<group>"; };
		421DF07B14FC711900984294 /* object_processor.cc */ = {isa = PBXFileReference; fileEncoding = 4; lastKnownFileType = sourcecode.cpp.cpp; path = object_processor.cc; sourceTree = "<group>"; };
		421DF07C14FC711900984294 /* object_processor.h */ = {isa = PBXFileReference; fileEncoding = 4; lastKnownFileType = sourcecode.c.h; path = object_processor.h; sourceTree = "<group>"; };
		421DF07D14FC711900984294 /* syntax_sugar_processor.cc */ = {isa = PBXFileReference; fileEncoding = 4; lastKnownFileType = sourcecode.cpp.cpp; path = syntax_sugar_processor.cc; sourceTree = "<group>"; };
		421DF07E14FC711900984294 /* syntax_sugar_processor.h */ = {isa = PBXFileReference; fileEncoding = 4; lastKnownFileType = sourcecode.c.h; path = syntax_sugar_processor.h; sourceTree = "<group>"; };
		421DF08314FC7DAF00984294 /* codegen_visitor.cc */ = {isa = PBXFileReference; fileEncoding = 4; lastKnownFileType = sourcecode.cpp.cpp; path = codegen_visitor.cc; sourceTree = "<group>"; };
		421DF08414FC7DAF00984294 /* codegen_visitor.h */ = {isa = PBXFileReference; fileEncoding = 4; lastKnownFileType = sourcecode.c.h; path = codegen_visitor.h; sourceTree = "<group>"; };
		4225925914D61AAB00601E9A /* parser.cc */ = {isa = PBXFileReference; fileEncoding = 4; lastKnownFileType = sourcecode.cpp.cpp; name = parser.cc; path = parser/parser.cc; sourceTree = "<group>"; };
		4225925A14D61AAB00601E9A /* parser.h */ = {isa = PBXFileReference; fileEncoding = 4; lastKnownFileType = sourcecode.c.h; name = parser.h; path = parser/parser.h; sourceTree = "<group>"; };
		4240792614F77217005C0A2F /* js_values.cc */ = {isa = PBXFileReference; fileEncoding = 4; lastKnownFileType = sourcecode.cpp.cpp; path = js_values.cc; sourceTree = "<group>"; };
		4240792714F77217005C0A2F /* js_values.h */ = {isa = PBXFileReference; fileEncoding = 4; lastKnownFileType = sourcecode.c.h; path = js_values.h; sourceTree = "<group>"; };
		4240792A14F77229005C0A2F /* analyzer.cc */ = {isa = PBXFileReference; fileEncoding = 4; lastKnownFileType = sourcecode.cpp.cpp; name = analyzer.cc; path = visitors/analyzer.cc; sourceTree = "<group>"; };
		4240792B14F77229005C0A2F /* analyzer.h */ = {isa = PBXFileReference; fileEncoding = 4; lastKnownFileType = sourcecode.c.h; name = analyzer.h; path = visitors/analyzer.h; sourceTree = "<group>"; };
		4243B78714DF82B0000813B6 /* external_ast.cc */ = {isa = PBXFileReference; fileEncoding = 4; lastKnownFileType = sourcecode.cpp.cpp; path = external_ast.cc; sourceTree = "<group>"; };
		4243B78814DF82B0000813B6 /* external_ast.h */ = {isa = PBXFileReference; fileEncoding = 4; lastKnownFileType = sourcecode.c.h; path = external_ast.h; sourceTree = "<group>"; };
		425E28EC14F469B300B380E4 /* constant_optimizer.cc */ = {isa = PBXFileReference; fileEncoding = 4; lastKnownFileType = sourcecode.cpp.cpp; path = constant_optimizer.cc; sourceTree = "<group>"; };
		425E28ED14F469B300B380E4 /* constant_optimizer.h */ = {isa = PBXFileReference; fileEncoding = 4; lastKnownFileType = sourcecode.c.h; path = constant_optimizer.h; sourceTree = "<group>"; };
		42DCC54C14DB6C460063C894 /* compiler_facade.cc */ = {isa = PBXFileReference; fileEncoding = 4; lastKnownFileType = sourcecode.cpp.cpp; path = compiler_facade.cc; sourceTree = "<group>"; };
		42DCC54D14DB6C460063C894 /* compiler_facade.h */ = {isa = PBXFileReference; fileEncoding = 4; lastKnownFileType = sourcecode.c.h; path = compiler_facade.h; sourceTree = "<group>"; };
		42DCC54F14DB6C620063C894 /* compile_result.cc */ = {isa = PBXFileReference; fileEncoding = 4; lastKnownFileType = sourcecode.cpp.cpp; path = compile_result.cc; sourceTree = "<group>"; };
		42DCC55014DB6C620063C894 /* compile_result.h */ = {isa = PBXFileReference; fileEncoding = 4; lastKnownFileType = sourcecode.c.h; path = compile_result.h; sourceTree = "<group>"; };
		42E9C0EF14CD21F30043DAE1 /* scanner.cc */ = {isa = PBXFileReference; fileEncoding = 4; lastKnownFileType = sourcecode.cpp.cpp; path = scanner.cc; sourceTree = "<group>"; };
		42E9C0F014CD21F30043DAE1 /* scanner.h */ = {isa = PBXFileReference; fileEncoding = 4; lastKnownFileType = sourcecode.c.h; path = scanner.h; sourceTree = "<group>"; };
		42E9C0F114CD21F30043DAE1 /* source_stream.cc */ = {isa = PBXFileReference; fileEncoding = 4; lastKnownFileType = sourcecode.cpp.cpp; path = source_stream.cc; sourceTree = "<group>"; };
		42E9C0F214CD21F30043DAE1 /* source_stream.h */ = {isa = PBXFileReference; fileEncoding = 4; lastKnownFileType = sourcecode.c.h; path = source_stream.h; sourceTree = "<group>"; };
		42E9C0F314CD21F30043DAE1 /* token_stream.cc */ = {isa = PBXFileReference; fileEncoding = 4; lastKnownFileType = sourcecode.cpp.cpp; path = token_stream.cc; sourceTree = "<group>"; };
		42E9C0F414CD21F30043DAE1 /* token_stream.h */ = {isa = PBXFileReference; fileEncoding = 4; lastKnownFileType = sourcecode.c.h; path = token_stream.h; sourceTree = "<group>"; };
		42E9C0F814CD22180043DAE1 /* error_reporter.cc */ = {isa = PBXFileReference; fileEncoding = 4; lastKnownFileType = sourcecode.cpp.cpp; path = error_reporter.cc; sourceTree = "<group>"; };
		42E9C0F914CD22180043DAE1 /* error_reporter.h */ = {isa = PBXFileReference; fileEncoding = 4; lastKnownFileType = sourcecode.c.h; path = error_reporter.h; sourceTree = "<group>"; };
		42E9C0FC14CD22390043DAE1 /* encoding.cc */ = {isa = PBXFileReference; fileEncoding = 4; lastKnownFileType = sourcecode.cpp.cpp; path = encoding.cc; sourceTree = "<group>"; };
		42E9C0FD14CD22390043DAE1 /* encoding.h */ = {isa = PBXFileReference; fileEncoding = 4; lastKnownFileType = sourcecode.c.h; path = encoding.h; sourceTree = "<group>"; };
		42E9C10514CD27E00043DAE1 /* libicudata.a */ = {isa = PBXFileReference; lastKnownFileType = archive.ar; name = libicudata.a; path = "../../src/third_party/icu/lib-osx/libicudata.a"; sourceTree = "<group>"; };
		42E9C10614CD27E00043DAE1 /* libicui18n.a */ = {isa = PBXFileReference; lastKnownFileType = archive.ar; name = libicui18n.a; path = "../../src/third_party/icu/lib-osx/libicui18n.a"; sourceTree = "<group>"; };
		42E9C10714CD27E00043DAE1 /* libicuuc.a */ = {isa = PBXFileReference; lastKnownFileType = archive.ar; name = libicuuc.a; path = "../../src/third_party/icu/lib-osx/libicuuc.a"; sourceTree = "<group>"; };
		42F5CBD614EB52C500249737 /* trait_processor.cc */ = {isa = PBXFileReference; fileEncoding = 4; lastKnownFileType = sourcecode.cpp.cpp; path = trait_processor.cc; sourceTree = "<group>"; };
		42F5CBD714EB52C500249737 /* trait_processor.h */ = {isa = PBXFileReference; fileEncoding = 4; lastKnownFileType = sourcecode.c.h; path = trait_processor.h; sourceTree = "<group>"; };
		42FAFD2214F5BDC30031DC83 /* ifstatement_optimizer.cc */ = {isa = PBXFileReference; fileEncoding = 4; lastKnownFileType = sourcecode.cpp.cpp; path = ifstatement_optimizer.cc; sourceTree = "<group>"; };
		42FAFD2314F5BDC30031DC83 /* ifstatement_optimizer.h */ = {isa = PBXFileReference; fileEncoding = 4; lastKnownFileType = sourcecode.c.h; path = ifstatement_optimizer.h; sourceTree = "<group>"; };
		42FB786814DF55A70011C1C4 /* consts.cc */ = {isa = PBXFileReference; fileEncoding = 4; lastKnownFileType = sourcecode.cpp.cpp; path = consts.cc; sourceTree = "<group>"; };
		42FB786914DF55A70011C1C4 /* consts.h */ = {isa = PBXFileReference; fileEncoding = 4; lastKnownFileType = sourcecode.c.h; path = consts.h; sourceTree = "<group>"; };
		42FB786C14DF55B70011C1C4 /* external_resource.cc */ = {isa = PBXFileReference; fileEncoding = 4; lastKnownFileType = sourcecode.cpp.cpp; path = external_resource.cc; sourceTree = "<group>"; };
		42FB786D14DF55B70011C1C4 /* external_resource.h */ = {isa = PBXFileReference; fileEncoding = 4; lastKnownFileType = sourcecode.c.h; path = external_resource.h; sourceTree = "<group>"; };
		42FB786F14DF55C70011C1C4 /* compile_info.cc */ = {isa = PBXFileReference; fileEncoding = 4; lastKnownFileType = sourcecode.cpp.cpp; path = compile_info.cc; sourceTree = "<group>"; };
		42FB787014DF55C70011C1C4 /* compile_info.h */ = {isa = PBXFileReference; fileEncoding = 4; lastKnownFileType = sourcecode.c.h; path = compile_info.h; sourceTree = "<group>"; };
		42FB787214DF55F40011C1C4 /* atomic.h */ = {isa = PBXFileReference; fileEncoding = 4; lastKnownFileType = sourcecode.c.h; path = atomic.h; sourceTree = "<group>"; };
		42FB787314DF57BF0011C1C4 /* directory.cc */ = {isa = PBXFileReference; fileEncoding = 4; lastKnownFileType = sourcecode.cpp.cpp; path = directory.cc; sourceTree = "<group>"; };
		42FB787414DF57BF0011C1C4 /* directory.h */ = {isa = PBXFileReference; fileEncoding = 4; lastKnownFileType = sourcecode.c.h; path = directory.h; sourceTree = "<group>"; };
		42FB787614DF57E50011C1C4 /* phantom_runner.cc */ = {isa = PBXFileReference; fileEncoding = 4; lastKnownFileType = sourcecode.cpp.cpp; path = phantom_runner.cc; sourceTree = "<group>"; };
		42FB787714DF57E50011C1C4 /* phantom_runner.h */ = {isa = PBXFileReference; fileEncoding = 4; lastKnownFileType = sourcecode.c.h; path = phantom_runner.h; sourceTree = "<group>"; };
		42FB787A14DF58860011C1C4 /* test_run.h */ = {isa = PBXFileReference; fileEncoding = 4; lastKnownFileType = sourcecode.c.h; path = test_run.h; sourceTree = "<group>"; };
		F217F99014B0D94500EF26E8 /* mocha */ = {isa = PBXFileReference; explicitFileType = "compiled.mach-o.executable"; includeInIndex = 0; path = mocha; sourceTree = BUILT_PRODUCTS_DIR; };
		F217FC5C14B0D9F700EF26E8 /* ast.cc */ = {isa = PBXFileReference; fileEncoding = 4; lastKnownFileType = sourcecode.cpp.cpp; path = ast.cc; sourceTree = "<group>"; };
		F217FC5D14B0D9F700EF26E8 /* ast.h */ = {isa = PBXFileReference; fileEncoding = 4; lastKnownFileType = sourcecode.c.h; path = ast.h; sourceTree = "<group>"; };
		F217FC5E14B0D9F700EF26E8 /* ast_foward_decl.h */ = {isa = PBXFileReference; fileEncoding = 4; lastKnownFileType = sourcecode.c.h; path = ast_foward_decl.h; sourceTree = "<group>"; };
		F217FC6014B0D9F700EF26E8 /* ast_utils.cc */ = {isa = PBXFileReference; fileEncoding = 4; lastKnownFileType = sourcecode.cpp.cpp; path = ast_utils.cc; sourceTree = "<group>"; };
		F217FC6114B0D9F700EF26E8 /* ast_utils.h */ = {isa = PBXFileReference; fileEncoding = 4; lastKnownFileType = sourcecode.c.h; path = ast_utils.h; sourceTree = "<group>"; };
		F217FC6314B0D9F700EF26E8 /* ast_transformer.cc */ = {isa = PBXFileReference; fileEncoding = 4; lastKnownFileType = sourcecode.cpp.cpp; path = ast_transformer.cc; sourceTree = "<group>"; };
		F217FC6414B0D9F700EF26E8 /* ast_transformer.h */ = {isa = PBXFileReference; fileEncoding = 4; lastKnownFileType = sourcecode.c.h; path = ast_transformer.h; sourceTree = "<group>"; };
		F217FC6914B0D9F700EF26E8 /* ivisitor.h */ = {isa = PBXFileReference; fileEncoding = 4; lastKnownFileType = sourcecode.c.h; path = ivisitor.h; sourceTree = "<group>"; };
		F217FC6D14B0D9F700EF26E8 /* codegenerator_utils.h */ = {isa = PBXFileReference; fileEncoding = 4; lastKnownFileType = sourcecode.c.h; path = codegenerator_utils.h; sourceTree = "<group>"; };
		F217FC6E14B0D9F700EF26E8 /* codewriter.cc */ = {isa = PBXFileReference; fileEncoding = 4; lastKnownFileType = sourcecode.cpp.cpp; path = codewriter.cc; sourceTree = "<group>"; };
		F217FC6F14B0D9F700EF26E8 /* codewriter.h */ = {isa = PBXFileReference; fileEncoding = 4; lastKnownFileType = sourcecode.c.h; path = codewriter.h; sourceTree = "<group>"; };
		F217FC7114B0D9F700EF26E8 /* call_processor.cc */ = {isa = PBXFileReference; fileEncoding = 4; lastKnownFileType = sourcecode.cpp.cpp; path = call_processor.cc; sourceTree = "<group>"; };
		F217FC7214B0D9F700EF26E8 /* call_processor.h */ = {isa = PBXFileReference; fileEncoding = 4; lastKnownFileType = sourcecode.c.h; path = call_processor.h; sourceTree = "<group>"; };
		F217FC7314B0D9F700EF26E8 /* class_processor.cc */ = {isa = PBXFileReference; fileEncoding = 4; lastKnownFileType = sourcecode.cpp.cpp; path = class_processor.cc; sourceTree = "<group>"; };
		F217FC7414B0D9F700EF26E8 /* class_processor.h */ = {isa = PBXFileReference; fileEncoding = 4; lastKnownFileType = sourcecode.c.h; path = class_processor.h; sourceTree = "<group>"; };
		F217FC7514B0D9F700EF26E8 /* dsta_processor.cc */ = {isa = PBXFileReference; fileEncoding = 4; lastKnownFileType = sourcecode.cpp.cpp; path = dsta_processor.cc; sourceTree = "<group>"; };
		F217FC7614B0D9F700EF26E8 /* dsta_processor.h */ = {isa = PBXFileReference; fileEncoding = 4; lastKnownFileType = sourcecode.c.h; path = dsta_processor.h; sourceTree = "<group>"; };
		F217FC7714B0D9F700EF26E8 /* export_processor.cc */ = {isa = PBXFileReference; fileEncoding = 4; lastKnownFileType = sourcecode.cpp.cpp; path = export_processor.cc; sourceTree = "<group>"; };
		F217FC7814B0D9F700EF26E8 /* export_processor.h */ = {isa = PBXFileReference; fileEncoding = 4; lastKnownFileType = sourcecode.c.h; path = export_processor.h; sourceTree = "<group>"; };
		F217FC7914B0D9F700EF26E8 /* fileroot_processor.cc */ = {isa = PBXFileReference; fileEncoding = 4; lastKnownFileType = sourcecode.cpp.cpp; path = fileroot_processor.cc; sourceTree = "<group>"; };
		F217FC7A14B0D9F700EF26E8 /* fileroot_processor.h */ = {isa = PBXFileReference; fileEncoding = 4; lastKnownFileType = sourcecode.c.h; path = fileroot_processor.h; sourceTree = "<group>"; };
		F217FC7B14B0D9F700EF26E8 /* function_processor.cc */ = {isa = PBXFileReference; fileEncoding = 4; lastKnownFileType = sourcecode.cpp.cpp; path = function_processor.cc; sourceTree = "<group>"; };
		F217FC7C14B0D9F700EF26E8 /* function_processor.h */ = {isa = PBXFileReference; fileEncoding = 4; lastKnownFileType = sourcecode.c.h; path = function_processor.h; sourceTree = "<group>"; };
		F217FC7D14B0D9F700EF26E8 /* import_processor.cc */ = {isa = PBXFileReference; fileEncoding = 4; lastKnownFileType = sourcecode.cpp.cpp; path = import_processor.cc; sourceTree = "<group>"; };
		F217FC7E14B0D9F700EF26E8 /* import_processor.h */ = {isa = PBXFileReference; fileEncoding = 4; lastKnownFileType = sourcecode.c.h; path = import_processor.h; sourceTree = "<group>"; };
		F217FC7F14B0D9F700EF26E8 /* iteration_processor.cc */ = {isa = PBXFileReference; fileEncoding = 4; lastKnownFileType = sourcecode.cpp.cpp; path = iteration_processor.cc; sourceTree = "<group>"; };
		F217FC8014B0D9F700EF26E8 /* iteration_processor.h */ = {isa = PBXFileReference; fileEncoding = 4; lastKnownFileType = sourcecode.c.h; path = iteration_processor.h; sourceTree = "<group>"; };
		F217FC8114B0D9F700EF26E8 /* module_processor.cc */ = {isa = PBXFileReference; fileEncoding = 4; lastKnownFileType = sourcecode.cpp.cpp; path = module_processor.cc; sourceTree = "<group>"; };
		F217FC8214B0D9F700EF26E8 /* module_processor.h */ = {isa = PBXFileReference; fileEncoding = 4; lastKnownFileType = sourcecode.c.h; path = module_processor.h; sourceTree = "<group>"; };
		F217FC8314B0D9F700EF26E8 /* processor_info.cc */ = {isa = PBXFileReference; fileEncoding = 4; lastKnownFileType = sourcecode.cpp.cpp; path = processor_info.cc; sourceTree = "<group>"; };
		F217FC8414B0D9F700EF26E8 /* processor_info.h */ = {isa = PBXFileReference; fileEncoding = 4; lastKnownFileType = sourcecode.c.h; path = processor_info.h; sourceTree = "<group>"; };
		F217FC8514B0D9F700EF26E8 /* variable_processor.cc */ = {isa = PBXFileReference; fileEncoding = 4; lastKnownFileType = sourcecode.cpp.cpp; path = variable_processor.cc; sourceTree = "<group>"; };
		F217FC8614B0D9F700EF26E8 /* variable_processor.h */ = {isa = PBXFileReference; fileEncoding = 4; lastKnownFileType = sourcecode.c.h; path = variable_processor.h; sourceTree = "<group>"; };
		F217FC8714B0D9F700EF26E8 /* yield_processor.cc */ = {isa = PBXFileReference; fileEncoding = 4; lastKnownFileType = sourcecode.cpp.cpp; path = yield_processor.cc; sourceTree = "<group>"; };
		F217FC8814B0D9F700EF26E8 /* yield_processor.h */ = {isa = PBXFileReference; fileEncoding = 4; lastKnownFileType = sourcecode.c.h; path = yield_processor.h; sourceTree = "<group>"; };
		F217FC8914B0D9F700EF26E8 /* visitor_info.cc */ = {isa = PBXFileReference; fileEncoding = 4; lastKnownFileType = sourcecode.cpp.cpp; path = visitor_info.cc; sourceTree = "<group>"; };
		F217FC8A14B0D9F700EF26E8 /* visitor_info.h */ = {isa = PBXFileReference; fileEncoding = 4; lastKnownFileType = sourcecode.c.h; path = visitor_info.h; sourceTree = "<group>"; };
		F217FC8B14B0D9F700EF26E8 /* visitor_decl.h */ = {isa = PBXFileReference; fileEncoding = 4; lastKnownFileType = sourcecode.c.h; path = visitor_decl.h; sourceTree = "<group>"; };
		F217FC8E14B0D9F700EF26E8 /* bootstrap.cc */ = {isa = PBXFileReference; fileEncoding = 4; lastKnownFileType = sourcecode.cpp.cpp; path = bootstrap.cc; sourceTree = "<group>"; };
		F217FC8F14B0D9F700EF26E8 /* bootstrap.h */ = {isa = PBXFileReference; fileEncoding = 4; lastKnownFileType = sourcecode.c.h; path = bootstrap.h; sourceTree = "<group>"; };
		F217FC9114B0D9F700EF26E8 /* commands.cc */ = {isa = PBXFileReference; fileEncoding = 4; lastKnownFileType = sourcecode.cpp.cpp; path = commands.cc; sourceTree = "<group>"; };
		F217FC9214B0D9F700EF26E8 /* commands.h */ = {isa = PBXFileReference; fileEncoding = 4; lastKnownFileType = sourcecode.c.h; path = commands.h; sourceTree = "<group>"; };
		F217FC9314B0D9F700EF26E8 /* commands_analyzer.cc */ = {isa = PBXFileReference; fileEncoding = 4; lastKnownFileType = sourcecode.cpp.cpp; path = commands_analyzer.cc; sourceTree = "<group>"; };
		F217FC9414B0D9F700EF26E8 /* commands_analyzer.h */ = {isa = PBXFileReference; fileEncoding = 4; lastKnownFileType = sourcecode.c.h; path = commands_analyzer.h; sourceTree = "<group>"; };
		F217FC9514B0D9F700EF26E8 /* interaction.cc */ = {isa = PBXFileReference; fileEncoding = 4; lastKnownFileType = sourcecode.cpp.cpp; path = interaction.cc; sourceTree = "<group>"; };
		F217FC9614B0D9F700EF26E8 /* interaction.h */ = {isa = PBXFileReference; fileEncoding = 4; lastKnownFileType = sourcecode.c.h; path = interaction.h; sourceTree = "<group>"; };
		F217FC9814B0D9F700EF26E8 /* compile_runner.cc */ = {isa = PBXFileReference; fileEncoding = 4; lastKnownFileType = sourcecode.cpp.cpp; path = compile_runner.cc; sourceTree = "<group>"; };
		F217FC9914B0D9F700EF26E8 /* compile_runner.h */ = {isa = PBXFileReference; fileEncoding = 4; lastKnownFileType = sourcecode.c.h; path = compile_runner.h; sourceTree = "<group>"; };
		F217FC9A14B0D9F700EF26E8 /* error_runner.cc */ = {isa = PBXFileReference; fileEncoding = 4; lastKnownFileType = sourcecode.cpp.cpp; path = error_runner.cc; sourceTree = "<group>"; };
		F217FC9B14B0D9F700EF26E8 /* error_runner.h */ = {isa = PBXFileReference; fileEncoding = 4; lastKnownFileType = sourcecode.c.h; path = error_runner.h; sourceTree = "<group>"; };
		F217FC9C14B0D9F700EF26E8 /* help_runner.cc */ = {isa = PBXFileReference; fileEncoding = 4; lastKnownFileType = sourcecode.cpp.cpp; path = help_runner.cc; sourceTree = "<group>"; };
		F217FC9D14B0D9F700EF26E8 /* help_runner.h */ = {isa = PBXFileReference; fileEncoding = 4; lastKnownFileType = sourcecode.c.h; path = help_runner.h; sourceTree = "<group>"; };
		F217FC9E14B0D9F700EF26E8 /* icommandline_runner.h */ = {isa = PBXFileReference; fileEncoding = 4; lastKnownFileType = sourcecode.c.h; path = icommandline_runner.h; sourceTree = "<group>"; };
		F217FC9F14B0D9F700EF26E8 /* list_runner.cc */ = {isa = PBXFileReference; fileEncoding = 4; lastKnownFileType = sourcecode.cpp.cpp; path = list_runner.cc; sourceTree = "<group>"; };
		F217FCA014B0D9F700EF26E8 /* list_runner.h */ = {isa = PBXFileReference; fileEncoding = 4; lastKnownFileType = sourcecode.c.h; path = list_runner.h; sourceTree = "<group>"; };
		F217FCA114B0D9F700EF26E8 /* observer_runner.cc */ = {isa = PBXFileReference; fileEncoding = 4; lastKnownFileType = sourcecode.cpp.cpp; path = observer_runner.cc; sourceTree = "<group>"; };
		F217FCA214B0D9F700EF26E8 /* observer_runner.h */ = {isa = PBXFileReference; fileEncoding = 4; lastKnownFileType = sourcecode.c.h; path = observer_runner.h; sourceTree = "<group>"; };
		F217FCA514B0D9F700EF26E8 /* parser_connector.cc */ = {isa = PBXFileReference; fileEncoding = 4; lastKnownFileType = sourcecode.cpp.cpp; path = parser_connector.cc; sourceTree = "<group>"; };
		F217FCA614B0D9F700EF26E8 /* parser_connector.h */ = {isa = PBXFileReference; fileEncoding = 4; lastKnownFileType = sourcecode.c.h; path = parser_connector.h; sourceTree = "<group>"; };
		F217FCAA14B0D9F700EF26E8 /* compiler.cc */ = {isa = PBXFileReference; fileEncoding = 4; lastKnownFileType = sourcecode.cpp.cpp; path = compiler.cc; sourceTree = "<group>"; };
		F217FCAB14B0D9F700EF26E8 /* compiler.h */ = {isa = PBXFileReference; fileEncoding = 4; lastKnownFileType = sourcecode.c.h; path = compiler.h; sourceTree = "<group>"; };
		F217FCAC14B0D9F700EF26E8 /* internal.cc */ = {isa = PBXFileReference; fileEncoding = 4; lastKnownFileType = sourcecode.cpp.cpp; path = internal.cc; sourceTree = "<group>"; };
		F217FCAD14B0D9F700EF26E8 /* internal.h */ = {isa = PBXFileReference; fileEncoding = 4; lastKnownFileType = sourcecode.c.h; path = internal.h; sourceTree = "<group>"; };
		F217FCB414B0D9F700EF26E8 /* scope.cc */ = {isa = PBXFileReference; fileEncoding = 4; lastKnownFileType = sourcecode.cpp.cpp; path = scope.cc; sourceTree = "<group>"; };
		F217FCB514B0D9F700EF26E8 /* scope.h */ = {isa = PBXFileReference; fileEncoding = 4; lastKnownFileType = sourcecode.c.h; path = scope.h; sourceTree = "<group>"; };
		F217FCB714B0D9F700EF26E8 /* js_token.cc */ = {isa = PBXFileReference; fileEncoding = 4; lastKnownFileType = sourcecode.cpp.cpp; path = js_token.cc; sourceTree = "<group>"; };
		F217FCB814B0D9F700EF26E8 /* js_token.h */ = {isa = PBXFileReference; fileEncoding = 4; lastKnownFileType = sourcecode.c.h; path = js_token.h; sourceTree = "<group>"; };
		F217FCB914B0D9F700EF26E8 /* symbol_list.cc */ = {isa = PBXFileReference; fileEncoding = 4; lastKnownFileType = sourcecode.cpp.cpp; path = symbol_list.cc; sourceTree = "<group>"; };
		F217FCBA14B0D9F700EF26E8 /* symbol_list.h */ = {isa = PBXFileReference; fileEncoding = 4; lastKnownFileType = sourcecode.c.h; path = symbol_list.h; sourceTree = "<group>"; };
		F217FCBB14B0D9F700EF26E8 /* token_info.cc */ = {isa = PBXFileReference; fileEncoding = 4; lastKnownFileType = sourcecode.cpp.cpp; path = token_info.cc; sourceTree = "<group>"; };
		F217FCBC14B0D9F700EF26E8 /* token_info.h */ = {isa = PBXFileReference; fileEncoding = 4; lastKnownFileType = sourcecode.c.h; path = token_info.h; sourceTree = "<group>"; };
		F217FCC114B0D9F700EF26E8 /* compiler_utils.cc */ = {isa = PBXFileReference; fileEncoding = 4; lastKnownFileType = sourcecode.cpp.cpp; path = compiler_utils.cc; sourceTree = "<group>"; };
		F217FCC214B0D9F700EF26E8 /* compiler_utils.h */ = {isa = PBXFileReference; fileEncoding = 4; lastKnownFileType = sourcecode.c.h; path = compiler_utils.h; sourceTree = "<group>"; };
		F217FCC314B0D9F700EF26E8 /* exception_handler.cc */ = {isa = PBXFileReference; fileEncoding = 4; lastKnownFileType = sourcecode.cpp.cpp; path = exception_handler.cc; sourceTree = "<group>"; };
		F217FCC414B0D9F700EF26E8 /* exception_handler.h */ = {isa = PBXFileReference; fileEncoding = 4; lastKnownFileType = sourcecode.c.h; path = exception_handler.h; sourceTree = "<group>"; };
		F217FCC514B0D9F700EF26E8 /* config.h */ = {isa = PBXFileReference; fileEncoding = 4; lastKnownFileType = sourcecode.c.h; path = config.h; sourceTree = "<group>"; };
		F217FCC714B0D9F700EF26E8 /* define.h */ = {isa = PBXFileReference; fileEncoding = 4; lastKnownFileType = sourcecode.c.h; path = define.h; sourceTree = "<group>"; };
		F217FCD414B0D9F700EF26E8 /* main.cc */ = {isa = PBXFileReference; fileEncoding = 4; lastKnownFileType = sourcecode.cpp.cpp; path = main.cc; sourceTree = "<group>"; };
		F217FCD514B0D9F700EF26E8 /* mocha.cc */ = {isa = PBXFileReference; fileEncoding = 4; lastKnownFileType = sourcecode.cpp.cpp; path = mocha.cc; sourceTree = "<group>"; };
		F217FCD614B0D9F700EF26E8 /* mocha.h */ = {isa = PBXFileReference; fileEncoding = 4; lastKnownFileType = sourcecode.c.h; path = mocha.h; sourceTree = "<group>"; };
		F217FCD914B0D9F700EF26E8 /* commandline_options.cc */ = {isa = PBXFileReference; fileEncoding = 4; lastKnownFileType = sourcecode.cpp.cpp; path = commandline_options.cc; sourceTree = "<group>"; };
		F217FCDA14B0D9F700EF26E8 /* commandline_options.h */ = {isa = PBXFileReference; fileEncoding = 4; lastKnownFileType = sourcecode.c.h; path = commandline_options.h; sourceTree = "<group>"; };
		F217FCDB14B0D9F700EF26E8 /* options.h */ = {isa = PBXFileReference; fileEncoding = 4; lastKnownFileType = sourcecode.c.h; path = options.h; sourceTree = "<group>"; };
		F217FCDC14B0D9F700EF26E8 /* setting.cc */ = {isa = PBXFileReference; fileEncoding = 4; lastKnownFileType = sourcecode.cpp.cpp; path = setting.cc; sourceTree = "<group>"; };
		F217FCDD14B0D9F700EF26E8 /* setting.h */ = {isa = PBXFileReference; fileEncoding = 4; lastKnownFileType = sourcecode.c.h; path = setting.h; sourceTree = "<group>"; };
		F217FCDE14B0D9F700EF26E8 /* xml_options.h */ = {isa = PBXFileReference; fileEncoding = 4; lastKnownFileType = sourcecode.c.h; path = xml_options.h; sourceTree = "<group>"; };
		F217FCE214B0D9F700EF26E8 /* changes.txt */ = {isa = PBXFileReference; fileEncoding = 4; lastKnownFileType = text; path = changes.txt; sourceTree = "<group>"; };
		F217FD0A14B0D9F700EF26E8 /* doxygen.css */ = {isa = PBXFileReference; fileEncoding = 4; lastKnownFileType = text.css; path = doxygen.css; sourceTree = "<group>"; };
		F217FD0B14B0D9F700EF26E8 /* doxygen.png */ = {isa = PBXFileReference; lastKnownFileType = image.png; path = doxygen.png; sourceTree = "<group>"; };
		F217FD3B14B0D9F700EF26E8 /* readme.txt */ = {isa = PBXFileReference; fileEncoding = 4; lastKnownFileType = text; path = readme.txt; sourceTree = "<group>"; };
		F217FD3C14B0D9F700EF26E8 /* tinystr.cpp */ = {isa = PBXFileReference; fileEncoding = 4; lastKnownFileType = sourcecode.cpp.cpp; path = tinystr.cpp; sourceTree = "<group>"; };
		F217FD3D14B0D9F700EF26E8 /* tinystr.h */ = {isa = PBXFileReference; fileEncoding = 4; lastKnownFileType = sourcecode.c.h; path = tinystr.h; sourceTree = "<group>"; };
		F217FD3E14B0D9F700EF26E8 /* tinyxml.cpp */ = {isa = PBXFileReference; fileEncoding = 4; lastKnownFileType = sourcecode.cpp.cpp; path = tinyxml.cpp; sourceTree = "<group>"; };
		F217FD3F14B0D9F700EF26E8 /* tinyxml.h */ = {isa = PBXFileReference; fileEncoding = 4; lastKnownFileType = sourcecode.c.h; path = tinyxml.h; sourceTree = "<group>"; };
		F217FD4214B0D9F700EF26E8 /* tinyxmlerror.cpp */ = {isa = PBXFileReference; fileEncoding = 4; lastKnownFileType = sourcecode.cpp.cpp; path = tinyxmlerror.cpp; sourceTree = "<group>"; };
		F217FD4314B0D9F700EF26E8 /* tinyxmlparser.cpp */ = {isa = PBXFileReference; fileEncoding = 4; lastKnownFileType = sourcecode.cpp.cpp; path = tinyxmlparser.cpp; sourceTree = "<group>"; };
		F217FD4714B0D9F700EF26E8 /* utf8test.gif */ = {isa = PBXFileReference; lastKnownFileType = image.gif; path = utf8test.gif; sourceTree = "<group>"; };
		F217FD4C14B0D9F700EF26E8 /* unconfig.h */ = {isa = PBXFileReference; fileEncoding = 4; lastKnownFileType = sourcecode.c.h; path = unconfig.h; sourceTree = "<group>"; };
		F217FD4D14B0D9F700EF26E8 /* useconfig.h */ = {isa = PBXFileReference; fileEncoding = 4; lastKnownFileType = sourcecode.c.h; path = useconfig.h; sourceTree = "<group>"; };
		F217FD4F14B0D9F700EF26E8 /* bits.h */ = {isa = PBXFileReference; fileEncoding = 4; lastKnownFileType = sourcecode.c.h; path = bits.h; sourceTree = "<group>"; };
		F217FD5014B0D9F700EF26E8 /* char_allocator.cc */ = {isa = PBXFileReference; fileEncoding = 4; lastKnownFileType = sourcecode.cpp.cpp; path = char_allocator.cc; sourceTree = "<group>"; };
		F217FD5114B0D9F700EF26E8 /* char_allocator.h */ = {isa = PBXFileReference; fileEncoding = 4; lastKnownFileType = sourcecode.c.h; path = char_allocator.h; sourceTree = "<group>"; };
		F217FD5314B0D9F700EF26E8 /* static.h */ = {isa = PBXFileReference; fileEncoding = 4; lastKnownFileType = sourcecode.c.h; path = static.h; sourceTree = "<group>"; };
		F217FD5414B0D9F700EF26E8 /* uncopyable.h */ = {isa = PBXFileReference; fileEncoding = 4; lastKnownFileType = sourcecode.c.h; path = uncopyable.h; sourceTree = "<group>"; };
		F217FD5614B0D9F700EF26E8 /* file_system.cc */ = {isa = PBXFileReference; fileEncoding = 4; lastKnownFileType = sourcecode.cpp.cpp; path = file_system.cc; sourceTree = "<group>"; };
		F217FD5714B0D9F700EF26E8 /* file_system.h */ = {isa = PBXFileReference; fileEncoding = 4; lastKnownFileType = sourcecode.c.h; path = file_system.h; sourceTree = "<group>"; };
		F217FD5814B0D9F700EF26E8 /* mkdir.cc */ = {isa = PBXFileReference; fileEncoding = 4; lastKnownFileType = sourcecode.cpp.cpp; path = mkdir.cc; sourceTree = "<group>"; };
		F217FD5914B0D9F700EF26E8 /* mkdir.h */ = {isa = PBXFileReference; fileEncoding = 4; lastKnownFileType = sourcecode.c.h; path = mkdir.h; sourceTree = "<group>"; };
		F217FD5A14B0D9F700EF26E8 /* pwd.cc */ = {isa = PBXFileReference; fileEncoding = 4; lastKnownFileType = sourcecode.cpp.cpp; path = pwd.cc; sourceTree = "<group>"; };
		F217FD5B14B0D9F700EF26E8 /* pwd.h */ = {isa = PBXFileReference; fileEncoding = 4; lastKnownFileType = sourcecode.c.h; path = pwd.h; sourceTree = "<group>"; };
		F217FD5C14B0D9F700EF26E8 /* stat.cc */ = {isa = PBXFileReference; fileEncoding = 4; lastKnownFileType = sourcecode.cpp.cpp; path = stat.cc; sourceTree = "<group>"; };
		F217FD5D14B0D9F700EF26E8 /* stat.h */ = {isa = PBXFileReference; fileEncoding = 4; lastKnownFileType = sourcecode.c.h; path = stat.h; sourceTree = "<group>"; };
		F217FD5E14B0D9F700EF26E8 /* virtual_directory.cc */ = {isa = PBXFileReference; fileEncoding = 4; lastKnownFileType = sourcecode.cpp.cpp; path = virtual_directory.cc; sourceTree = "<group>"; };
		F217FD5F14B0D9F700EF26E8 /* virtual_directory.h */ = {isa = PBXFileReference; fileEncoding = 4; lastKnownFileType = sourcecode.c.h; path = virtual_directory.h; sourceTree = "<group>"; };
		F217FD6114B0D9F700EF26E8 /* file_watcher-impl.cc */ = {isa = PBXFileReference; fileEncoding = 4; lastKnownFileType = sourcecode.cpp.cpp; path = "file_watcher-impl.cc"; sourceTree = "<group>"; };
		F217FD6314B0D9F700EF26E8 /* file_watcher.cc */ = {isa = PBXFileReference; fileEncoding = 4; lastKnownFileType = sourcecode.cpp.cpp; path = file_watcher.cc; sourceTree = "<group>"; };
		F217FD6414B0D9F700EF26E8 /* file_watcher.h */ = {isa = PBXFileReference; fileEncoding = 4; lastKnownFileType = sourcecode.c.h; path = file_watcher.h; sourceTree = "<group>"; };
		F217FD6614B0D9F700EF26E8 /* file_observer.cc */ = {isa = PBXFileReference; fileEncoding = 4; lastKnownFileType = sourcecode.cpp.cpp; path = file_observer.cc; sourceTree = "<group>"; };
		F217FD6714B0D9F700EF26E8 /* file_observer.h */ = {isa = PBXFileReference; fileEncoding = 4; lastKnownFileType = sourcecode.c.h; path = file_observer.h; sourceTree = "<group>"; };
		F217FD6814B0D9F700EF26E8 /* xml_observer.cc */ = {isa = PBXFileReference; fileEncoding = 4; lastKnownFileType = sourcecode.cpp.cpp; path = xml_observer.cc; sourceTree = "<group>"; };
		F217FD6914B0D9F700EF26E8 /* xml_observer.h */ = {isa = PBXFileReference; fileEncoding = 4; lastKnownFileType = sourcecode.c.h; path = xml_observer.h; sourceTree = "<group>"; };
		F217FD6A14B0D9F700EF26E8 /* format.cc */ = {isa = PBXFileReference; fileEncoding = 4; lastKnownFileType = sourcecode.cpp.cpp; path = format.cc; sourceTree = "<group>"; };
		F217FD6B14B0D9F700EF26E8 /* format.h */ = {isa = PBXFileReference; fileEncoding = 4; lastKnownFileType = sourcecode.c.h; path = format.h; sourceTree = "<group>"; };
		F217FD7214B0D9F700EF26E8 /* hash_entry.h */ = {isa = PBXFileReference; fileEncoding = 4; lastKnownFileType = sourcecode.c.h; path = hash_entry.h; sourceTree = "<group>"; };
		F217FD7314B0D9F700EF26E8 /* hash_fn.h */ = {isa = PBXFileReference; fileEncoding = 4; lastKnownFileType = sourcecode.c.h; path = hash_fn.h; sourceTree = "<group>"; };
		F217FD7414B0D9F700EF26E8 /* block-impl.h */ = {isa = PBXFileReference; fileEncoding = 4; lastKnownFileType = sourcecode.c.h; path = "block-impl.h"; sourceTree = "<group>"; };
		F217FD7514B0D9F700EF26E8 /* block.h */ = {isa = PBXFileReference; fileEncoding = 4; lastKnownFileType = sourcecode.c.h; path = block.h; sourceTree = "<group>"; };
		F217FD7614B0D9F700EF26E8 /* entry-impl.h */ = {isa = PBXFileReference; fileEncoding = 4; lastKnownFileType = sourcecode.c.h; path = "entry-impl.h"; sourceTree = "<group>"; };
		F217FD7714B0D9F700EF26E8 /* entry.h */ = {isa = PBXFileReference; fileEncoding = 4; lastKnownFileType = sourcecode.c.h; path = entry.h; sourceTree = "<group>"; };
		F217FD7E14B0D9F700EF26E8 /* hash_entry.h */ = {isa = PBXFileReference; fileEncoding = 4; lastKnownFileType = sourcecode.c.h; path = hash_entry.h; sourceTree = "<group>"; };
		F217FD7F14B0D9F700EF26E8 /* hash_fn.h */ = {isa = PBXFileReference; fileEncoding = 4; lastKnownFileType = sourcecode.c.h; path = hash_fn.h; sourceTree = "<group>"; };
		F217FD8914B0D9F700EF26E8 /* hash_map-impl.h */ = {isa = PBXFileReference; fileEncoding = 4; lastKnownFileType = sourcecode.c.h; path = "hash_map-impl.h"; sourceTree = "<group>"; };
		F217FD8A14B0D9F700EF26E8 /* hash_map.h */ = {isa = PBXFileReference; fileEncoding = 4; lastKnownFileType = sourcecode.c.h; path = hash_map.h; sourceTree = "<group>"; };
		F217FD8B14B0D9F700EF26E8 /* pg1581.txt */ = {isa = PBXFileReference; fileEncoding = 4; lastKnownFileType = text; path = pg1581.txt; sourceTree = "<group>"; };
		F217FD8F14B0D9F700EF26E8 /* hash_table-impl.h */ = {isa = PBXFileReference; fileEncoding = 4; lastKnownFileType = sourcecode.c.h; path = "hash_table-impl.h"; sourceTree = "<group>"; };
		F217FD9014B0D9F700EF26E8 /* hash_table.h */ = {isa = PBXFileReference; fileEncoding = 4; lastKnownFileType = sourcecode.c.h; path = hash_table.h; sourceTree = "<group>"; };
		F217FD9514B0D9F700EF26E8 /* gmon.out */ = {isa = PBXFileReference; lastKnownFileType = file; path = gmon.out; sourceTree = "<group>"; };
		F217FD9D14B0D9F700EF26E8 /* pg1581.txt */ = {isa = PBXFileReference; fileEncoding = 4; lastKnownFileType = text; path = pg1581.txt; sourceTree = "<group>"; };
		F217FD9E14B0D9F700EF26E8 /* str_hash-impl.h */ = {isa = PBXFileReference; fileEncoding = 4; lastKnownFileType = sourcecode.c.h; path = "str_hash-impl.h"; sourceTree = "<group>"; };
		F217FD9F14B0D9F700EF26E8 /* str_hash.h */ = {isa = PBXFileReference; fileEncoding = 4; lastKnownFileType = sourcecode.c.h; path = str_hash.h; sourceTree = "<group>"; };
		F217FDA314B0D9F700EF26E8 /* int_types.h */ = {isa = PBXFileReference; fileEncoding = 4; lastKnownFileType = sourcecode.c.h; path = int_types.h; sourceTree = "<group>"; };
		F217FDA514B0D9F700EF26E8 /* file_io.cc */ = {isa = PBXFileReference; fileEncoding = 4; lastKnownFileType = sourcecode.cpp.cpp; path = file_io.cc; sourceTree = "<group>"; };
		F217FDA614B0D9F700EF26E8 /* file_io.h */ = {isa = PBXFileReference; fileEncoding = 4; lastKnownFileType = sourcecode.c.h; path = file_io.h; sourceTree = "<group>"; };
		F217FDA814B0D9F700EF26E8 /* managed.h */ = {isa = PBXFileReference; fileEncoding = 4; lastKnownFileType = sourcecode.c.h; path = managed.h; sourceTree = "<group>"; };
		F217FDA914B0D9F700EF26E8 /* managed_handle.cc */ = {isa = PBXFileReference; fileEncoding = 4; lastKnownFileType = sourcecode.cpp.cpp; path = managed_handle.cc; sourceTree = "<group>"; };
		F217FDAA14B0D9F700EF26E8 /* managed_handle.h */ = {isa = PBXFileReference; fileEncoding = 4; lastKnownFileType = sourcecode.c.h; path = managed_handle.h; sourceTree = "<group>"; };
		F217FDAB14B0D9F700EF26E8 /* profiler.cc */ = {isa = PBXFileReference; fileEncoding = 4; lastKnownFileType = sourcecode.cpp.cpp; path = profiler.cc; sourceTree = "<group>"; };
		F217FDAC14B0D9F700EF26E8 /* profiler.h */ = {isa = PBXFileReference; fileEncoding = 4; lastKnownFileType = sourcecode.c.h; path = profiler.h; sourceTree = "<group>"; };
		F217FDAF14B0D9F700EF26E8 /* ptr_deleter.h */ = {isa = PBXFileReference; fileEncoding = 4; lastKnownFileType = sourcecode.c.h; path = ptr_deleter.h; sourceTree = "<group>"; };
		F217FDB014B0D9F700EF26E8 /* ptr_handle-impl.h */ = {isa = PBXFileReference; fileEncoding = 4; lastKnownFileType = sourcecode.c.h; path = "ptr_handle-impl.h"; sourceTree = "<group>"; };
		F217FDB114B0D9F700EF26E8 /* ptr_handle.h */ = {isa = PBXFileReference; fileEncoding = 4; lastKnownFileType = sourcecode.c.h; path = ptr_handle.h; sourceTree = "<group>"; };
		F217FDB214B0D9F700EF26E8 /* ptr_handle_base.h */ = {isa = PBXFileReference; fileEncoding = 4; lastKnownFileType = sourcecode.c.h; path = ptr_handle_base.h; sourceTree = "<group>"; };
		F217FDB314B0D9F700EF26E8 /* ptr_traits.h */ = {isa = PBXFileReference; fileEncoding = 4; lastKnownFileType = sourcecode.c.h; path = ptr_traits.h; sourceTree = "<group>"; };
		F217FDB514B0D9F700EF26E8 /* handle-impl.h */ = {isa = PBXFileReference; fileEncoding = 4; lastKnownFileType = sourcecode.c.h; path = "handle-impl.h"; sourceTree = "<group>"; };
		F217FDB614B0D9F700EF26E8 /* handle.h */ = {isa = PBXFileReference; fileEncoding = 4; lastKnownFileType = sourcecode.c.h; path = handle.h; sourceTree = "<group>"; };
		F217FDB714B0D9F700EF26E8 /* refcount-impl.h */ = {isa = PBXFileReference; fileEncoding = 4; lastKnownFileType = sourcecode.c.h; path = "refcount-impl.h"; sourceTree = "<group>"; };
		F217FDB814B0D9F700EF26E8 /* refcount.h */ = {isa = PBXFileReference; fileEncoding = 4; lastKnownFileType = sourcecode.c.h; path = refcount.h; sourceTree = "<group>"; };
		F217FDB914B0D9F700EF26E8 /* refcount_base.h */ = {isa = PBXFileReference; fileEncoding = 4; lastKnownFileType = sourcecode.c.h; path = refcount_base.h; sourceTree = "<group>"; };
		F217FDBB14B0D9F700EF26E8 /* scoped_list-impl.h */ = {isa = PBXFileReference; fileEncoding = 4; lastKnownFileType = sourcecode.c.h; path = "scoped_list-impl.h"; sourceTree = "<group>"; };
		F217FDBC14B0D9F700EF26E8 /* scoped_list.h */ = {isa = PBXFileReference; fileEncoding = 4; lastKnownFileType = sourcecode.c.h; path = scoped_list.h; sourceTree = "<group>"; };
		F217FDBD14B0D9F700EF26E8 /* scoped_ptr-impl.h */ = {isa = PBXFileReference; fileEncoding = 4; lastKnownFileType = sourcecode.c.h; path = "scoped_ptr-impl.h"; sourceTree = "<group>"; };
		F217FDBE14B0D9F700EF26E8 /* scoped_ptr.h */ = {isa = PBXFileReference; fileEncoding = 4; lastKnownFileType = sourcecode.c.h; path = scoped_ptr.h; sourceTree = "<group>"; };
		F217FDBF14B0D9F700EF26E8 /* static_assert.h */ = {isa = PBXFileReference; fileEncoding = 4; lastKnownFileType = sourcecode.c.h; path = static_assert.h; sourceTree = "<group>"; };
		F217FDC114B0D9F700EF26E8 /* platform.h */ = {isa = PBXFileReference; fileEncoding = 4; lastKnownFileType = sourcecode.c.h; path = platform.h; sourceTree = "<group>"; };
		F217FDC214B0D9F700EF26E8 /* platform_linux.h */ = {isa = PBXFileReference; fileEncoding = 4; lastKnownFileType = sourcecode.c.h; path = platform_linux.h; sourceTree = "<group>"; };
		F217FDC314B0D9F700EF26E8 /* platform_win.h */ = {isa = PBXFileReference; fileEncoding = 4; lastKnownFileType = sourcecode.c.h; path = platform_win.h; sourceTree = "<group>"; };
		F217FDC414B0D9F700EF26E8 /* thread-pthread-impl.cc */ = {isa = PBXFileReference; fileEncoding = 4; lastKnownFileType = sourcecode.cpp.cpp; path = "thread-pthread-impl.cc"; sourceTree = "<group>"; };
		F217FDC614B0D9F700EF26E8 /* thread.cc */ = {isa = PBXFileReference; fileEncoding = 4; lastKnownFileType = sourcecode.cpp.cpp; path = thread.cc; sourceTree = "<group>"; };
		F217FDC714B0D9F700EF26E8 /* thread.h */ = {isa = PBXFileReference; fileEncoding = 4; lastKnownFileType = sourcecode.c.h; path = thread.h; sourceTree = "<group>"; };
		F217FDC914B0D9F700EF26E8 /* versions.cc */ = {isa = PBXFileReference; fileEncoding = 4; lastKnownFileType = sourcecode.cpp.cpp; path = versions.cc; sourceTree = "<group>"; };
		F217FDCA14B0D9F700EF26E8 /* versions.h */ = {isa = PBXFileReference; fileEncoding = 4; lastKnownFileType = sourcecode.c.h; path = versions.h; sourceTree = "<group>"; };
		F217FDCB14B0D9F700EF26E8 /* xml_reader.cc */ = {isa = PBXFileReference; fileEncoding = 4; lastKnownFileType = sourcecode.cpp.cpp; path = xml_reader.cc; sourceTree = "<group>"; };
		F217FDCC14B0D9F700EF26E8 /* xml_reader.h */ = {isa = PBXFileReference; fileEncoding = 4; lastKnownFileType = sourcecode.c.h; path = xml_reader.h; sourceTree = "<group>"; };
		F217FDCD14B0D9F700EF26E8 /* xml_setting_info-inl.h */ = {isa = PBXFileReference; fileEncoding = 4; lastKnownFileType = sourcecode.c.h; path = "xml_setting_info-inl.h"; sourceTree = "<group>"; };
		F217FDCE14B0D9F700EF26E8 /* xml_setting_info.cc */ = {isa = PBXFileReference; fileEncoding = 4; lastKnownFileType = sourcecode.cpp.cpp; path = xml_setting_info.cc; sourceTree = "<group>"; };
		F217FDCF14B0D9F700EF26E8 /* xml_setting_info.h */ = {isa = PBXFileReference; fileEncoding = 4; lastKnownFileType = sourcecode.c.h; path = xml_setting_info.h; sourceTree = "<group>"; };
/* End PBXFileReference section */

/* Begin PBXFrameworksBuildPhase section */
		8DD76F660486A84900D96B5E /* Frameworks */ = {
			isa = PBXFrameworksBuildPhase;
			buildActionMask = 2147483647;
			files = (
				42E9C10814CD27E00043DAE1 /* libicudata.a in Frameworks */,
				42E9C10914CD27E00043DAE1 /* libicui18n.a in Frameworks */,
				42E9C10A14CD27E00043DAE1 /* libicuuc.a in Frameworks */,
			);
			runOnlyForDeploymentPostprocessing = 0;
		};
/* End PBXFrameworksBuildPhase section */

/* Begin PBXGroup section */
		08FB7794FE84155DC02AAC07 /* mocha */ = {
			isa = PBXGroup;
			children = (
				42E9C10514CD27E00043DAE1 /* libicudata.a */,
				42E9C10614CD27E00043DAE1 /* libicui18n.a */,
				42E9C10714CD27E00043DAE1 /* libicuuc.a */,
				08FB7795FE84155DC02AAC07 /* Source */,
				C6859E8C029090F304C91782 /* Documentation */,
				1AB674ADFE9D54B511CA2CBB /* Products */,
			);
			name = mocha;
			sourceTree = "<group>";
		};
		08FB7795FE84155DC02AAC07 /* Source */ = {
			isa = PBXGroup;
			children = (
				F217FC1914B0D9F700EF26E8 /* src */,
			);
			name = Source;
			sourceTree = "<group>";
		};
		1AB674ADFE9D54B511CA2CBB /* Products */ = {
			isa = PBXGroup;
			children = (
				F217F99014B0D94500EF26E8 /* mocha */,
			);
			name = Products;
			sourceTree = "<group>";
		};
		4240792514F77217005C0A2F /* values */ = {
			isa = PBXGroup;
			children = (
				4240792614F77217005C0A2F /* js_values.cc */,
				4240792714F77217005C0A2F /* js_values.h */,
			);
			path = values;
			sourceTree = "<group>";
		};
		425E28EB14F469B300B380E4 /* opt */ = {
			isa = PBXGroup;
			children = (
				42FAFD2214F5BDC30031DC83 /* ifstatement_optimizer.cc */,
				42FAFD2314F5BDC30031DC83 /* ifstatement_optimizer.h */,
				425E28EC14F469B300B380E4 /* constant_optimizer.cc */,
				425E28ED14F469B300B380E4 /* constant_optimizer.h */,
			);
			path = opt;
			sourceTree = "<group>";
		};
		42E9C0FB14CD22390043DAE1 /* encoding */ = {
			isa = PBXGroup;
			children = (
				42E9C0FC14CD22390043DAE1 /* encoding.cc */,
				42E9C0FD14CD22390043DAE1 /* encoding.h */,
			);
			path = encoding;
			sourceTree = "<group>";
		};
		42FB786714DF55A70011C1C4 /* consts */ = {
			isa = PBXGroup;
			children = (
				42FB786814DF55A70011C1C4 /* consts.cc */,
				42FB786914DF55A70011C1C4 /* consts.h */,
			);
			path = consts;
			sourceTree = "<group>";
		};
		42FB786B14DF55B70011C1C4 /* external */ = {
			isa = PBXGroup;
			children = (
				4243B78714DF82B0000813B6 /* external_ast.cc */,
				4243B78814DF82B0000813B6 /* external_ast.h */,
				42FB786C14DF55B70011C1C4 /* external_resource.cc */,
				42FB786D14DF55B70011C1C4 /* external_resource.h */,
			);
			path = external;
			sourceTree = "<group>";
		};
		42FB787914DF58860011C1C4 /* test */ = {
			isa = PBXGroup;
			children = (
				42FB787A14DF58860011C1C4 /* test_run.h */,
			);
			path = test;
			sourceTree = "<group>";
		};
		C6859E8C029090F304C91782 /* Documentation */ = {
			isa = PBXGroup;
			children = (
			);
			name = Documentation;
			sourceTree = "<group>";
		};
		F217FC1914B0D9F700EF26E8 /* src */ = {
			isa = PBXGroup;
			children = (
				F217FC5B14B0D9F700EF26E8 /* ast */,
				F217FC8C14B0D9F700EF26E8 /* bootstrap */,
				F217FCA314B0D9F700EF26E8 /* compiler */,
				F217FCC514B0D9F700EF26E8 /* config.h */,
				F217FCC714B0D9F700EF26E8 /* define.h */,
				F217FCD314B0D9F700EF26E8 /* mch */,
				F217FCD714B0D9F700EF26E8 /* options */,
				F217FCE014B0D9F700EF26E8 /* tinyxml */,
				F217FD4C14B0D9F700EF26E8 /* unconfig.h */,
				F217FD4D14B0D9F700EF26E8 /* useconfig.h */,
				F217FD4E14B0D9F700EF26E8 /* utils */,
			);
			name = src;
			path = ../../src;
			sourceTree = SOURCE_ROOT;
		};
		F217FC5B14B0D9F700EF26E8 /* ast */ = {
			isa = PBXGroup;
			children = (
				4240792A14F77229005C0A2F /* analyzer.cc */,
				4240792B14F77229005C0A2F /* analyzer.h */,
				4240792514F77217005C0A2F /* values */,
				F217FC5C14B0D9F700EF26E8 /* ast.cc */,
				F217FC5D14B0D9F700EF26E8 /* ast.h */,
				F217FC5E14B0D9F700EF26E8 /* ast_foward_decl.h */,
				F217FC5F14B0D9F700EF26E8 /* utils */,
				F217FC6214B0D9F700EF26E8 /* visitors */,
			);
			path = ast;
			sourceTree = "<group>";
		};
		F217FC5F14B0D9F700EF26E8 /* utils */ = {
			isa = PBXGroup;
			children = (
				F217FC6014B0D9F700EF26E8 /* ast_utils.cc */,
				F217FC6114B0D9F700EF26E8 /* ast_utils.h */,
			);
			path = utils;
			sourceTree = "<group>";
		};
		F217FC6214B0D9F700EF26E8 /* visitors */ = {
			isa = PBXGroup;
			children = (
				421DF08314FC7DAF00984294 /* codegen_visitor.cc */,
				421DF08414FC7DAF00984294 /* codegen_visitor.h */,
				F217FC6314B0D9F700EF26E8 /* ast_transformer.cc */,
				F217FC6414B0D9F700EF26E8 /* ast_transformer.h */,
				F217FC6914B0D9F700EF26E8 /* ivisitor.h */,
				F217FC6C14B0D9F700EF26E8 /* utils */,
				F217FC8B14B0D9F700EF26E8 /* visitor_decl.h */,
			);
			path = visitors;
			sourceTree = "<group>";
		};
		F217FC6C14B0D9F700EF26E8 /* utils */ = {
			isa = PBXGroup;
			children = (
				425E28EB14F469B300B380E4 /* opt */,
				F217FC6D14B0D9F700EF26E8 /* codegenerator_utils.h */,
				F217FC6E14B0D9F700EF26E8 /* codewriter.cc */,
				F217FC6F14B0D9F700EF26E8 /* codewriter.h */,
				F217FC7014B0D9F700EF26E8 /* processors */,
				F217FC8914B0D9F700EF26E8 /* visitor_info.cc */,
				F217FC8A14B0D9F700EF26E8 /* visitor_info.h */,
			);
			path = utils;
			sourceTree = "<group>";
		};
		F217FC7014B0D9F700EF26E8 /* processors */ = {
			isa = PBXGroup;
			children = (
				421DF07914FC711900984294 /* array_processor.cc */,
				421DF07A14FC711900984294 /* array_processor.h */,
				421DF07B14FC711900984294 /* object_processor.cc */,
				421DF07C14FC711900984294 /* object_processor.h */,
				421DF07D14FC711900984294 /* syntax_sugar_processor.cc */,
				421DF07E14FC711900984294 /* syntax_sugar_processor.h */,
				42F5CBD614EB52C500249737 /* trait_processor.cc */,
				42F5CBD714EB52C500249737 /* trait_processor.h */,
				F217FC7114B0D9F700EF26E8 /* call_processor.cc */,
				F217FC7214B0D9F700EF26E8 /* call_processor.h */,
				F217FC7314B0D9F700EF26E8 /* class_processor.cc */,
				F217FC7414B0D9F700EF26E8 /* class_processor.h */,
				F217FC7514B0D9F700EF26E8 /* dsta_processor.cc */,
				F217FC7614B0D9F700EF26E8 /* dsta_processor.h */,
				F217FC7714B0D9F700EF26E8 /* export_processor.cc */,
				F217FC7814B0D9F700EF26E8 /* export_processor.h */,
				F217FC7914B0D9F700EF26E8 /* fileroot_processor.cc */,
				F217FC7A14B0D9F700EF26E8 /* fileroot_processor.h */,
				F217FC7B14B0D9F700EF26E8 /* function_processor.cc */,
				F217FC7C14B0D9F700EF26E8 /* function_processor.h */,
				F217FC7D14B0D9F700EF26E8 /* import_processor.cc */,
				F217FC7E14B0D9F700EF26E8 /* import_processor.h */,
				F217FC7F14B0D9F700EF26E8 /* iteration_processor.cc */,
				F217FC8014B0D9F700EF26E8 /* iteration_processor.h */,
				F217FC8114B0D9F700EF26E8 /* module_processor.cc */,
				F217FC8214B0D9F700EF26E8 /* module_processor.h */,
				F217FC8314B0D9F700EF26E8 /* processor_info.cc */,
				F217FC8414B0D9F700EF26E8 /* processor_info.h */,
				F217FC8514B0D9F700EF26E8 /* variable_processor.cc */,
				F217FC8614B0D9F700EF26E8 /* variable_processor.h */,
				F217FC8714B0D9F700EF26E8 /* yield_processor.cc */,
				F217FC8814B0D9F700EF26E8 /* yield_processor.h */,
			);
			path = processors;
			sourceTree = "<group>";
		};
		F217FC8C14B0D9F700EF26E8 /* bootstrap */ = {
			isa = PBXGroup;
			children = (
				42FB787914DF58860011C1C4 /* test */,
				F217FC8E14B0D9F700EF26E8 /* bootstrap.cc */,
				F217FC8F14B0D9F700EF26E8 /* bootstrap.h */,
				F217FC9014B0D9F700EF26E8 /* interactions */,
				F217FC9714B0D9F700EF26E8 /* runners */,
			);
			path = bootstrap;
			sourceTree = "<group>";
		};
		F217FC9014B0D9F700EF26E8 /* interactions */ = {
			isa = PBXGroup;
			children = (
				F217FC9114B0D9F700EF26E8 /* commands.cc */,
				F217FC9214B0D9F700EF26E8 /* commands.h */,
				F217FC9314B0D9F700EF26E8 /* commands_analyzer.cc */,
				F217FC9414B0D9F700EF26E8 /* commands_analyzer.h */,
				F217FC9514B0D9F700EF26E8 /* interaction.cc */,
				F217FC9614B0D9F700EF26E8 /* interaction.h */,
			);
			path = interactions;
			sourceTree = "<group>";
		};
		F217FC9714B0D9F700EF26E8 /* runners */ = {
			isa = PBXGroup;
			children = (
				42FB787614DF57E50011C1C4 /* phantom_runner.cc */,
				42FB787714DF57E50011C1C4 /* phantom_runner.h */,
				F217FC9814B0D9F700EF26E8 /* compile_runner.cc */,
				F217FC9914B0D9F700EF26E8 /* compile_runner.h */,
				F217FC9A14B0D9F700EF26E8 /* error_runner.cc */,
				F217FC9B14B0D9F700EF26E8 /* error_runner.h */,
				F217FC9C14B0D9F700EF26E8 /* help_runner.cc */,
				F217FC9D14B0D9F700EF26E8 /* help_runner.h */,
				F217FC9E14B0D9F700EF26E8 /* icommandline_runner.h */,
				F217FC9F14B0D9F700EF26E8 /* list_runner.cc */,
				F217FCA014B0D9F700EF26E8 /* list_runner.h */,
				F217FCA114B0D9F700EF26E8 /* observer_runner.cc */,
				F217FCA214B0D9F700EF26E8 /* observer_runner.h */,
			);
			path = runners;
			sourceTree = "<group>";
		};
		F217FCA314B0D9F700EF26E8 /* compiler */ = {
			isa = PBXGroup;
			children = (
				42FB786B14DF55B70011C1C4 /* external */,
				42FB786714DF55A70011C1C4 /* consts */,
				4225925914D61AAB00601E9A /* parser.cc */,
				4225925A14D61AAB00601E9A /* parser.h */,
				42E9C0FB14CD22390043DAE1 /* encoding */,
				F217FCA414B0D9F700EF26E8 /* binding */,
				F217FCAA14B0D9F700EF26E8 /* compiler.cc */,
				F217FCAB14B0D9F700EF26E8 /* compiler.h */,
				F217FCAC14B0D9F700EF26E8 /* internal.cc */,
				F217FCAD14B0D9F700EF26E8 /* internal.h */,
				F217FCAE14B0D9F700EF26E8 /* scanner */,
				F217FCB214B0D9F700EF26E8 /* scopes */,
				F217FCB614B0D9F700EF26E8 /* tokens */,
				F217FCBE14B0D9F700EF26E8 /* utils */,
			);
			path = compiler;
			sourceTree = "<group>";
		};
		F217FCA414B0D9F700EF26E8 /* binding */ = {
			isa = PBXGroup;
			children = (
				F217FCA514B0D9F700EF26E8 /* parser_connector.cc */,
				F217FCA614B0D9F700EF26E8 /* parser_connector.h */,
			);
			path = binding;
			sourceTree = "<group>";
		};
		F217FCAE14B0D9F700EF26E8 /* scanner */ = {
			isa = PBXGroup;
			children = (
				42E9C0EF14CD21F30043DAE1 /* scanner.cc */,
				42E9C0F014CD21F30043DAE1 /* scanner.h */,
				42E9C0F114CD21F30043DAE1 /* source_stream.cc */,
				42E9C0F214CD21F30043DAE1 /* source_stream.h */,
				42E9C0F314CD21F30043DAE1 /* token_stream.cc */,
				42E9C0F414CD21F30043DAE1 /* token_stream.h */,
			);
			path = scanner;
			sourceTree = "<group>";
		};
		F217FCB214B0D9F700EF26E8 /* scopes */ = {
			isa = PBXGroup;
			children = (
				F217FCB414B0D9F700EF26E8 /* scope.cc */,
				F217FCB514B0D9F700EF26E8 /* scope.h */,
			);
			path = scopes;
			sourceTree = "<group>";
		};
		F217FCB614B0D9F700EF26E8 /* tokens */ = {
			isa = PBXGroup;
			children = (
				F217FCB714B0D9F700EF26E8 /* js_token.cc */,
				F217FCB814B0D9F700EF26E8 /* js_token.h */,
				F217FCB914B0D9F700EF26E8 /* symbol_list.cc */,
				F217FCBA14B0D9F700EF26E8 /* symbol_list.h */,
				F217FCBB14B0D9F700EF26E8 /* token_info.cc */,
				F217FCBC14B0D9F700EF26E8 /* token_info.h */,
			);
			path = tokens;
			sourceTree = "<group>";
		};
		F217FCBE14B0D9F700EF26E8 /* utils */ = {
			isa = PBXGroup;
			children = (
				42FB786F14DF55C70011C1C4 /* compile_info.cc */,
				42FB787014DF55C70011C1C4 /* compile_info.h */,
				42DCC54F14DB6C620063C894 /* compile_result.cc */,
				42DCC55014DB6C620063C894 /* compile_result.h */,
				42DCC54C14DB6C460063C894 /* compiler_facade.cc */,
				42DCC54D14DB6C460063C894 /* compiler_facade.h */,
				42E9C0F814CD22180043DAE1 /* error_reporter.cc */,
				42E9C0F914CD22180043DAE1 /* error_reporter.h */,
				F217FCC114B0D9F700EF26E8 /* compiler_utils.cc */,
				F217FCC214B0D9F700EF26E8 /* compiler_utils.h */,
				F217FCC314B0D9F700EF26E8 /* exception_handler.cc */,
				F217FCC414B0D9F700EF26E8 /* exception_handler.h */,
			);
			path = utils;
			sourceTree = "<group>";
		};
		F217FCD314B0D9F700EF26E8 /* mch */ = {
			isa = PBXGroup;
			children = (
				F217FCD414B0D9F700EF26E8 /* main.cc */,
				F217FCD514B0D9F700EF26E8 /* mocha.cc */,
				F217FCD614B0D9F700EF26E8 /* mocha.h */,
			);
			path = mch;
			sourceTree = "<group>";
		};
		F217FCD714B0D9F700EF26E8 /* options */ = {
			isa = PBXGroup;
			children = (
				F217FCD814B0D9F700EF26E8 /* commandline */,
				F217FCDB14B0D9F700EF26E8 /* options.h */,
				F217FCDC14B0D9F700EF26E8 /* setting.cc */,
				F217FCDD14B0D9F700EF26E8 /* setting.h */,
				F217FCDE14B0D9F700EF26E8 /* xml_options.h */,
			);
			path = options;
			sourceTree = "<group>";
		};
		F217FCD814B0D9F700EF26E8 /* commandline */ = {
			isa = PBXGroup;
			children = (
				F217FCD914B0D9F700EF26E8 /* commandline_options.cc */,
				F217FCDA14B0D9F700EF26E8 /* commandline_options.h */,
			);
			path = commandline;
			sourceTree = "<group>";
		};
		F217FCE014B0D9F700EF26E8 /* tinyxml */ = {
			isa = PBXGroup;
			children = (
				F217FCE214B0D9F700EF26E8 /* changes.txt */,
				F217FCE314B0D9F700EF26E8 /* docs */,
				F217FD3B14B0D9F700EF26E8 /* readme.txt */,
				F217FD3C14B0D9F700EF26E8 /* tinystr.cpp */,
				F217FD3D14B0D9F700EF26E8 /* tinystr.h */,
				F217FD3E14B0D9F700EF26E8 /* tinyxml.cpp */,
				F217FD3F14B0D9F700EF26E8 /* tinyxml.h */,
				F217FD4214B0D9F700EF26E8 /* tinyxmlerror.cpp */,
				F217FD4314B0D9F700EF26E8 /* tinyxmlparser.cpp */,
				F217FD4714B0D9F700EF26E8 /* utf8test.gif */,
			);
			path = tinyxml;
			sourceTree = "<group>";
		};
		F217FCE314B0D9F700EF26E8 /* docs */ = {
			isa = PBXGroup;
			children = (
				F217FD0A14B0D9F700EF26E8 /* doxygen.css */,
				F217FD0B14B0D9F700EF26E8 /* doxygen.png */,
			);
			path = docs;
			sourceTree = "<group>";
		};
		F217FD4E14B0D9F700EF26E8 /* utils */ = {
			isa = PBXGroup;
			children = (
				42FB787214DF55F40011C1C4 /* atomic.h */,
				F217FD4F14B0D9F700EF26E8 /* bits.h */,
				F217FD5014B0D9F700EF26E8 /* char_allocator.cc */,
				F217FD5114B0D9F700EF26E8 /* char_allocator.h */,
				F217FD5214B0D9F700EF26E8 /* class_traits */,
				F217FD5514B0D9F700EF26E8 /* file_system */,
				F217FD6014B0D9F700EF26E8 /* file_watcher */,
				F217FD6A14B0D9F700EF26E8 /* format.cc */,
				F217FD6B14B0D9F700EF26E8 /* format.h */,
				F217FD6C14B0D9F700EF26E8 /* hash */,
				F217FDA314B0D9F700EF26E8 /* int_types.h */,
				F217FDA414B0D9F700EF26E8 /* io */,
				F217FDA714B0D9F700EF26E8 /* pool */,
				F217FDAB14B0D9F700EF26E8 /* profiler.cc */,
				F217FDAC14B0D9F700EF26E8 /* profiler.h */,
				F217FDAD14B0D9F700EF26E8 /* smart_pointer */,
				F217FDBF14B0D9F700EF26E8 /* static_assert.h */,
				F217FDC014B0D9F700EF26E8 /* thread */,
				F217FDC814B0D9F700EF26E8 /* xml */,
			);
			path = utils;
			sourceTree = "<group>";
		};
		F217FD5214B0D9F700EF26E8 /* class_traits */ = {
			isa = PBXGroup;
			children = (
				F217FD5314B0D9F700EF26E8 /* static.h */,
				F217FD5414B0D9F700EF26E8 /* uncopyable.h */,
			);
			path = class_traits;
			sourceTree = "<group>";
		};
		F217FD5514B0D9F700EF26E8 /* file_system */ = {
			isa = PBXGroup;
			children = (
				42FB787314DF57BF0011C1C4 /* directory.cc */,
				42FB787414DF57BF0011C1C4 /* directory.h */,
				F217FD5614B0D9F700EF26E8 /* file_system.cc */,
				F217FD5714B0D9F700EF26E8 /* file_system.h */,
				F217FD5814B0D9F700EF26E8 /* mkdir.cc */,
				F217FD5914B0D9F700EF26E8 /* mkdir.h */,
				F217FD5A14B0D9F700EF26E8 /* pwd.cc */,
				F217FD5B14B0D9F700EF26E8 /* pwd.h */,
				F217FD5C14B0D9F700EF26E8 /* stat.cc */,
				F217FD5D14B0D9F700EF26E8 /* stat.h */,
				F217FD5E14B0D9F700EF26E8 /* virtual_directory.cc */,
				F217FD5F14B0D9F700EF26E8 /* virtual_directory.h */,
			);
			path = file_system;
			sourceTree = "<group>";
		};
		F217FD6014B0D9F700EF26E8 /* file_watcher */ = {
			isa = PBXGroup;
			children = (
				F217FD6114B0D9F700EF26E8 /* file_watcher-impl.cc */,
				F217FD6314B0D9F700EF26E8 /* file_watcher.cc */,
				F217FD6414B0D9F700EF26E8 /* file_watcher.h */,
				F217FD6514B0D9F700EF26E8 /* observer */,
			);
			path = file_watcher;
			sourceTree = "<group>";
		};
		F217FD6514B0D9F700EF26E8 /* observer */ = {
			isa = PBXGroup;
			children = (
				F217FD6614B0D9F700EF26E8 /* file_observer.cc */,
				F217FD6714B0D9F700EF26E8 /* file_observer.h */,
				F217FD6814B0D9F700EF26E8 /* xml_observer.cc */,
				F217FD6914B0D9F700EF26E8 /* xml_observer.h */,
			);
			path = observer;
			sourceTree = "<group>";
		};
		F217FD6C14B0D9F700EF26E8 /* hash */ = {
			isa = PBXGroup;
			children = (
				F217FD6D14B0D9F700EF26E8 /* backup */,
				F217FD7414B0D9F700EF26E8 /* block-impl.h */,
				F217FD7514B0D9F700EF26E8 /* block.h */,
				F217FD7614B0D9F700EF26E8 /* entry-impl.h */,
				F217FD7714B0D9F700EF26E8 /* entry.h */,
				F217FD7E14B0D9F700EF26E8 /* hash_entry.h */,
				F217FD7F14B0D9F700EF26E8 /* hash_fn.h */,
				F217FD8014B0D9F700EF26E8 /* hash_map */,
				F217FD8F14B0D9F700EF26E8 /* hash_table-impl.h */,
				F217FD9014B0D9F700EF26E8 /* hash_table.h */,
				F217FD9114B0D9F700EF26E8 /* str_hash */,
			);
			path = hash;
			sourceTree = "<group>";
		};
		F217FD6D14B0D9F700EF26E8 /* backup */ = {
			isa = PBXGroup;
			children = (
				F217FD7214B0D9F700EF26E8 /* hash_entry.h */,
				F217FD7314B0D9F700EF26E8 /* hash_fn.h */,
			);
			path = backup;
			sourceTree = "<group>";
		};
		F217FD8014B0D9F700EF26E8 /* hash_map */ = {
			isa = PBXGroup;
			children = (
				F217FD8914B0D9F700EF26E8 /* hash_map-impl.h */,
				F217FD8A14B0D9F700EF26E8 /* hash_map.h */,
				F217FD8B14B0D9F700EF26E8 /* pg1581.txt */,
			);
			path = hash_map;
			sourceTree = "<group>";
		};
		F217FD9114B0D9F700EF26E8 /* str_hash */ = {
			isa = PBXGroup;
			children = (
				F217FD9514B0D9F700EF26E8 /* gmon.out */,
				F217FD9D14B0D9F700EF26E8 /* pg1581.txt */,
				F217FD9E14B0D9F700EF26E8 /* str_hash-impl.h */,
				F217FD9F14B0D9F700EF26E8 /* str_hash.h */,
			);
			path = str_hash;
			sourceTree = "<group>";
		};
		F217FDA414B0D9F700EF26E8 /* io */ = {
			isa = PBXGroup;
			children = (
				F217FDA514B0D9F700EF26E8 /* file_io.cc */,
				F217FDA614B0D9F700EF26E8 /* file_io.h */,
			);
			path = io;
			sourceTree = "<group>";
		};
		F217FDA714B0D9F700EF26E8 /* pool */ = {
			isa = PBXGroup;
			children = (
				F217FDA814B0D9F700EF26E8 /* managed.h */,
				F217FDA914B0D9F700EF26E8 /* managed_handle.cc */,
				F217FDAA14B0D9F700EF26E8 /* managed_handle.h */,
			);
			path = pool;
			sourceTree = "<group>";
		};
		F217FDAD14B0D9F700EF26E8 /* smart_pointer */ = {
			isa = PBXGroup;
			children = (
				F217FDAE14B0D9F700EF26E8 /* common */,
				F217FDB414B0D9F700EF26E8 /* ref_count */,
				F217FDBA14B0D9F700EF26E8 /* scope */,
			);
			path = smart_pointer;
			sourceTree = "<group>";
		};
		F217FDAE14B0D9F700EF26E8 /* common */ = {
			isa = PBXGroup;
			children = (
				F217FDAF14B0D9F700EF26E8 /* ptr_deleter.h */,
				F217FDB014B0D9F700EF26E8 /* ptr_handle-impl.h */,
				F217FDB114B0D9F700EF26E8 /* ptr_handle.h */,
				F217FDB214B0D9F700EF26E8 /* ptr_handle_base.h */,
				F217FDB314B0D9F700EF26E8 /* ptr_traits.h */,
			);
			path = common;
			sourceTree = "<group>";
		};
		F217FDB414B0D9F700EF26E8 /* ref_count */ = {
			isa = PBXGroup;
			children = (
				F217FDB514B0D9F700EF26E8 /* handle-impl.h */,
				F217FDB614B0D9F700EF26E8 /* handle.h */,
				F217FDB714B0D9F700EF26E8 /* refcount-impl.h */,
				F217FDB814B0D9F700EF26E8 /* refcount.h */,
				F217FDB914B0D9F700EF26E8 /* refcount_base.h */,
			);
			path = ref_count;
			sourceTree = "<group>";
		};
		F217FDBA14B0D9F700EF26E8 /* scope */ = {
			isa = PBXGroup;
			children = (
				F217FDBB14B0D9F700EF26E8 /* scoped_list-impl.h */,
				F217FDBC14B0D9F700EF26E8 /* scoped_list.h */,
				F217FDBD14B0D9F700EF26E8 /* scoped_ptr-impl.h */,
				F217FDBE14B0D9F700EF26E8 /* scoped_ptr.h */,
			);
			path = scope;
			sourceTree = "<group>";
		};
		F217FDC014B0D9F700EF26E8 /* thread */ = {
			isa = PBXGroup;
			children = (
				F217FDC114B0D9F700EF26E8 /* platform.h */,
				F217FDC214B0D9F700EF26E8 /* platform_linux.h */,
				F217FDC314B0D9F700EF26E8 /* platform_win.h */,
				F217FDC414B0D9F700EF26E8 /* thread-pthread-impl.cc */,
				F217FDC614B0D9F700EF26E8 /* thread.cc */,
				F217FDC714B0D9F700EF26E8 /* thread.h */,
			);
			path = thread;
			sourceTree = "<group>";
		};
		F217FDC814B0D9F700EF26E8 /* xml */ = {
			isa = PBXGroup;
			children = (
				F217FDC914B0D9F700EF26E8 /* versions.cc */,
				F217FDCA14B0D9F700EF26E8 /* versions.h */,
				F217FDCB14B0D9F700EF26E8 /* xml_reader.cc */,
				F217FDCC14B0D9F700EF26E8 /* xml_reader.h */,
				F217FDCD14B0D9F700EF26E8 /* xml_setting_info-inl.h */,
				F217FDCE14B0D9F700EF26E8 /* xml_setting_info.cc */,
				F217FDCF14B0D9F700EF26E8 /* xml_setting_info.h */,
			);
			path = xml;
			sourceTree = "<group>";
		};
/* End PBXGroup section */

/* Begin PBXNativeTarget section */
		8DD76F620486A84900D96B5E /* mocha */ = {
			isa = PBXNativeTarget;
			buildConfigurationList = 1DEB923108733DC60010E9CD /* Build configuration list for PBXNativeTarget "mocha" */;
			buildPhases = (
				8DD76F640486A84900D96B5E /* Sources */,
				8DD76F660486A84900D96B5E /* Frameworks */,
				8DD76F690486A84900D96B5E /* CopyFiles */,
			);
			buildRules = (
			);
			dependencies = (
			);
			name = mocha;
			productInstallPath = "$(HOME)/bin";
			productName = mocha;
			productReference = F217F99014B0D94500EF26E8 /* mocha */;
			productType = "com.apple.product-type.tool";
		};
/* End PBXNativeTarget section */

/* Begin PBXProject section */
		08FB7793FE84155DC02AAC07 /* Project object */ = {
			isa = PBXProject;
			buildConfigurationList = 1DEB923508733DC60010E9CD /* Build configuration list for PBXProject "mocha" */;
			compatibilityVersion = "Xcode 3.1";
			developmentRegion = English;
			hasScannedForEncodings = 1;
			knownRegions = (
				English,
				Japanese,
				French,
				German,
			);
			mainGroup = 08FB7794FE84155DC02AAC07 /* mocha */;
			projectDirPath = "";
			projectRoot = /Users/aono/mocha/src/;
			targets = (
				8DD76F620486A84900D96B5E /* mocha */,
			);
		};
/* End PBXProject section */

/* Begin PBXSourcesBuildPhase section */
		8DD76F640486A84900D96B5E /* Sources */ = {
			isa = PBXSourcesBuildPhase;
			buildActionMask = 2147483647;
			files = (
				F217FDD014B0D9F700EF26E8 /* ast.cc in Sources */,
				F217FDD114B0D9F700EF26E8 /* ast_utils.cc in Sources */,
				F217FDD214B0D9F700EF26E8 /* ast_transformer.cc in Sources */,
				F217FDD614B0D9F700EF26E8 /* codewriter.cc in Sources */,
				F217FDD714B0D9F700EF26E8 /* call_processor.cc in Sources */,
				F217FDD814B0D9F700EF26E8 /* class_processor.cc in Sources */,
				F217FDD914B0D9F700EF26E8 /* dsta_processor.cc in Sources */,
				F217FDDA14B0D9F700EF26E8 /* export_processor.cc in Sources */,
				F217FDDB14B0D9F700EF26E8 /* fileroot_processor.cc in Sources */,
				F217FDDC14B0D9F700EF26E8 /* function_processor.cc in Sources */,
				F217FDDD14B0D9F700EF26E8 /* import_processor.cc in Sources */,
				F217FDDE14B0D9F700EF26E8 /* iteration_processor.cc in Sources */,
				F217FDDF14B0D9F700EF26E8 /* module_processor.cc in Sources */,
				F217FDE014B0D9F700EF26E8 /* processor_info.cc in Sources */,
				F217FDE114B0D9F700EF26E8 /* variable_processor.cc in Sources */,
				F217FDE214B0D9F700EF26E8 /* yield_processor.cc in Sources */,
				F217FDE314B0D9F700EF26E8 /* visitor_info.cc in Sources */,
				F217FDE414B0D9F700EF26E8 /* bootstrap.cc in Sources */,
				F217FDE514B0D9F700EF26E8 /* commands.cc in Sources */,
				F217FDE614B0D9F700EF26E8 /* commands_analyzer.cc in Sources */,
				F217FDE714B0D9F700EF26E8 /* interaction.cc in Sources */,
				F217FDE814B0D9F700EF26E8 /* compile_runner.cc in Sources */,
				F217FDE914B0D9F700EF26E8 /* error_runner.cc in Sources */,
				F217FDEA14B0D9F700EF26E8 /* help_runner.cc in Sources */,
				F217FDEB14B0D9F700EF26E8 /* list_runner.cc in Sources */,
				F217FDEC14B0D9F700EF26E8 /* observer_runner.cc in Sources */,
				F217FDED14B0D9F700EF26E8 /* parser_connector.cc in Sources */,
				F217FDEF14B0D9F700EF26E8 /* compiler.cc in Sources */,
				F217FDF014B0D9F700EF26E8 /* internal.cc in Sources */,
				F217FDF214B0D9F700EF26E8 /* scope.cc in Sources */,
				F217FDF314B0D9F700EF26E8 /* js_token.cc in Sources */,
				F217FDF414B0D9F700EF26E8 /* symbol_list.cc in Sources */,
				F217FDF514B0D9F700EF26E8 /* token_info.cc in Sources */,
				F217FDF714B0D9F700EF26E8 /* compiler_utils.cc in Sources */,
				F217FDF814B0D9F700EF26E8 /* exception_handler.cc in Sources */,
				F217FDFB14B0D9F700EF26E8 /* main.cc in Sources */,
				F217FDFC14B0D9F700EF26E8 /* mocha.cc in Sources */,
				F217FDFD14B0D9F700EF26E8 /* commandline_options.cc in Sources */,
				F217FDFE14B0D9F700EF26E8 /* setting.cc in Sources */,
				F217FDFF14B0D9F700EF26E8 /* tinystr.cpp in Sources */,
				F217FE0014B0D9F700EF26E8 /* tinyxml.cpp in Sources */,
				F217FE0114B0D9F700EF26E8 /* tinyxmlerror.cpp in Sources */,
				F217FE0214B0D9F700EF26E8 /* tinyxmlparser.cpp in Sources */,
				F217FE0414B0D9F700EF26E8 /* char_allocator.cc in Sources */,
				F217FE0514B0D9F700EF26E8 /* file_system.cc in Sources */,
				F217FE0614B0D9F700EF26E8 /* mkdir.cc in Sources */,
				F217FE0714B0D9F700EF26E8 /* pwd.cc in Sources */,
				F217FE0814B0D9F700EF26E8 /* stat.cc in Sources */,
				F217FE0914B0D9F700EF26E8 /* virtual_directory.cc in Sources */,
				F217FE0A14B0D9F700EF26E8 /* file_watcher-impl.cc in Sources */,
				F217FE0C14B0D9F700EF26E8 /* file_watcher.cc in Sources */,
				F217FE0D14B0D9F700EF26E8 /* file_observer.cc in Sources */,
				F217FE0E14B0D9F700EF26E8 /* xml_observer.cc in Sources */,
				F217FE0F14B0D9F700EF26E8 /* format.cc in Sources */,
				F217FE1614B0D9F700EF26E8 /* file_io.cc in Sources */,
				F217FE1714B0D9F700EF26E8 /* managed_handle.cc in Sources */,
				F217FE1814B0D9F700EF26E8 /* profiler.cc in Sources */,
				F217FE1914B0D9F700EF26E8 /* thread-pthread-impl.cc in Sources */,
				F217FE1B14B0D9F700EF26E8 /* thread.cc in Sources */,
				F217FE1C14B0D9F700EF26E8 /* versions.cc in Sources */,
				F217FE1D14B0D9F700EF26E8 /* xml_reader.cc in Sources */,
				F217FE1E14B0D9F700EF26E8 /* xml_setting_info.cc in Sources */,
				42E9C0F514CD21F30043DAE1 /* scanner.cc in Sources */,
				42E9C0F614CD21F30043DAE1 /* source_stream.cc in Sources */,
				42E9C0F714CD21F30043DAE1 /* token_stream.cc in Sources */,
				42E9C0FA14CD22180043DAE1 /* error_reporter.cc in Sources */,
				42E9C0FE14CD22390043DAE1 /* encoding.cc in Sources */,
				4225925B14D61AAB00601E9A /* parser.cc in Sources */,
				42DCC54E14DB6C460063C894 /* compiler_facade.cc in Sources */,
				42DCC55114DB6C620063C894 /* compile_result.cc in Sources */,
				42FB786A14DF55A70011C1C4 /* consts.cc in Sources */,
				42FB786E14DF55B70011C1C4 /* external_resource.cc in Sources */,
				42FB787114DF55C70011C1C4 /* compile_info.cc in Sources */,
				42FB787514DF57BF0011C1C4 /* directory.cc in Sources */,
				42FB787814DF57E50011C1C4 /* phantom_runner.cc in Sources */,
				4243B78914DF82B0000813B6 /* external_ast.cc in Sources */,
				42F5CBD814EB52C500249737 /* trait_processor.cc in Sources */,
				425E28EE14F469B300B380E4 /* constant_optimizer.cc in Sources */,
				42FAFD2414F5BDC30031DC83 /* ifstatement_optimizer.cc in Sources */,
				4240792814F77217005C0A2F /* js_values.cc in Sources */,
				4240792C14F77229005C0A2F /* analyzer.cc in Sources */,
				421DF07F14FC711900984294 /* array_processor.cc in Sources */,
				421DF08014FC711900984294 /* object_processor.cc in Sources */,
				421DF08114FC711900984294 /* syntax_sugar_processor.cc in Sources */,
				421DF08514FC7DAF00984294 /* codegen_visitor.cc in Sources */,
			);
			runOnlyForDeploymentPostprocessing = 0;
		};
/* End PBXSourcesBuildPhase section */

/* Begin XCBuildConfiguration section */
		1DEB923208733DC60010E9CD /* Debug */ = {
			isa = XCBuildConfiguration;
			buildSettings = {
				ALWAYS_SEARCH_USER_PATHS = NO;
				COPY_PHASE_STRIP = NO;
				GCC_DYNAMIC_NO_PIC = NO;
				GCC_ENABLE_FIX_AND_CONTINUE = YES;
				GCC_MODEL_TUNING = G5;
				GCC_OPTIMIZATION_LEVEL = 0;
				INSTALL_PATH = /usr/local/bin;
				LIBRARY_SEARCH_PATHS = (
					"$(inherited)",
					"\"$(SRCROOT)/../../src/third_party/icu/lib-osx\"",
				);
				PRODUCT_NAME = mocha;
			};
			name = Debug;
		};
		1DEB923308733DC60010E9CD /* Release */ = {
			isa = XCBuildConfiguration;
			buildSettings = {
				ALWAYS_SEARCH_USER_PATHS = NO;
				DEBUG_INFORMATION_FORMAT = "dwarf-with-dsym";
				GCC_MODEL_TUNING = G5;
				INSTALL_PATH = /usr/local/bin;
				LIBRARY_SEARCH_PATHS = (
					"$(inherited)",
					"\"$(SRCROOT)/../../src/third_party/icu/lib-osx\"",
				);
				PRODUCT_NAME = mocha;
			};
			name = Release;
		};
		1DEB923608733DC60010E9CD /* Debug */ = {
			isa = XCBuildConfiguration;
			buildSettings = {
				ARCHS = "$(ARCHS_STANDARD_32_64_BIT)";
				CONFIGURATION_BUILD_DIR = ../../bin/osx/debug/;
				DEAD_CODE_STRIPPING = NO;
				GCC_C_LANGUAGE_STANDARD = gnu99;
				GCC_ENABLE_CPP_EXCEPTIONS = NO;
				GCC_OPTIMIZATION_LEVEL = 0;
				GCC_PREPROCESSOR_DEFINITIONS = (
					HAVE_CONFIG_H,
					"CURRENT_DIR=\\\"/Users/aono_taketoshi/github/mocha/src\\\"",
				);
				GCC_VERSION = com.apple.compilers.llvm.clang.1_0;
				GCC_WARN_ABOUT_RETURN_TYPE = YES;
				GCC_WARN_UNUSED_VARIABLE = YES;
				HEADER_SEARCH_PATHS = (
					/opt/local/include/,
					"../../src/**",
				);
				"HEADER_SEARCH_PATHS[arch=*]" = (
					"../../src/**",
					"/usr/local/include/**",
					/opt/local/include/,
				);
				"LIBRARY_SEARCH_PATHS[arch=*]" = /usr/local/lib;
				MACOSX_DEPLOYMENT_TARGET = 10.5;
				New_Setting = "";
				ONLY_ACTIVE_ARCH = YES;
				PREBINDING = NO;
				SDKROOT = macosx10.6;
				STANDARD_C_PLUS_PLUS_LIBRARY_TYPE = dynamic;
				USER_HEADER_SEARCH_PATHS = "";
			};
			name = Debug;
		};
		1DEB923708733DC60010E9CD /* Release */ = {
			isa = XCBuildConfiguration;
			buildSettings = {
				ARCHS = "$(ARCHS_STANDARD_32_64_BIT)";
				GCC_C_LANGUAGE_STANDARD = gnu99;
				GCC_OPTIMIZATION_LEVEL = s;
				GCC_VERSION = com.apple.compilers.llvm.clang.1_0;
				GCC_WARN_ABOUT_RETURN_TYPE = YES;
				GCC_WARN_UNUSED_VARIABLE = YES;
				MACOSX_DEPLOYMENT_TARGET = 10.5;
				New_Setting = "";
				PREBINDING = NO;
				SDKROOT = macosx10.6;
			};
			name = Release;
		};
/* End XCBuildConfiguration section */

/* Begin XCConfigurationList section */
		1DEB923108733DC60010E9CD /* Build configuration list for PBXNativeTarget "mocha" */ = {
			isa = XCConfigurationList;
			buildConfigurations = (
				1DEB923208733DC60010E9CD /* Debug */,
				1DEB923308733DC60010E9CD /* Release */,
			);
			defaultConfigurationIsVisible = 0;
			defaultConfigurationName = Release;
		};
		1DEB923508733DC60010E9CD /* Build configuration list for PBXProject "mocha" */ = {
			isa = XCConfigurationList;
			buildConfigurations = (
				1DEB923608733DC60010E9CD /* Debug */,
				1DEB923708733DC60010E9CD /* Release */,
			);
			defaultConfigurationIsVisible = 0;
			defaultConfigurationName = Release;
		};
/* End XCConfigurationList section */
	};
	rootObject = 08FB7793FE84155DC02AAC07 /* Project object */;
}
