<?xml version="1.0" encoding="utf-8"?>
<Project ToolsVersion="4.0" xmlns="http://schemas.microsoft.com/developer/msbuild/2003">
  <ItemGroup>
    <Filter Include="リソース ファイル">
      <UniqueIdentifier>{67DA6AB6-F800-4c08-8B7A-83BB121AAD01}</UniqueIdentifier>
      <Extensions>rc;ico;cur;bmp;dlg;rc2;rct;bin;rgs;gif;jpg;jpeg;jpe;resx;tiff;tif;png;wav;mfcribbon-ms</Extensions>
    </Filter>
    <Filter Include="src">
      <UniqueIdentifier>{bc840548-17b9-4f18-8331-40c4eac1b390}</UniqueIdentifier>
    </Filter>
  </ItemGroup>
  <ItemGroup>
    <ClCompile Include="..\..\..\src\mocha\roaster\internal.cc">
      <Filter>src</Filter>
    </ClCompile>
    <ClCompile Include="..\..\..\src\mocha\roaster\scanner\scanner.cc">
      <Filter>src</Filter>
    </ClCompile>
    <ClCompile Include="..\..\..\src\mocha\roaster\scanner\source_stream.cc">
      <Filter>src</Filter>
    </ClCompile>
    <ClCompile Include="..\..\..\src\mocha\roaster\scanner\token_stream.cc">
      <Filter>src</Filter>
    </ClCompile>
    <ClCompile Include="..\..\..\src\mocha\roaster\scopes\scope.cc">
      <Filter>src</Filter>
    </ClCompile>
    <ClCompile Include="..\..\..\src\mocha\roaster\platform\thread\thread-win32.cc">
      <Filter>src</Filter>
    </ClCompile>
    <ClCompile Include="..\..\..\src\mocha\roaster\platform\fs\fio.cc">
      <Filter>src</Filter>
    </ClCompile>
    <ClCompile Include="..\..\..\src\mocha\roaster\platform\fs\mkdir.cc">
      <Filter>src</Filter>
    </ClCompile>
    <ClCompile Include="..\..\..\src\mocha\roaster\platform\fs\fs.cc">
      <Filter>src</Filter>
    </ClCompile>
    <ClCompile Include="..\..\..\src\mocha\roaster\platform\fs\virtual_directory.cc">
      <Filter>src</Filter>
    </ClCompile>
    <ClCompile Include="..\..\..\src\mocha\roaster\platform\fs\directory-win32.cc">
      <Filter>src</Filter>
    </ClCompile>
    <ClCompile Include="..\..\..\src\mocha\roaster\platform\fs\stat.cc">
      <Filter>src</Filter>
    </ClCompile>
    <ClCompile Include="..\..\..\src\mocha\roaster\binding\parser_connector.cc">
      <Filter>src</Filter>
    </ClCompile>
    <ClCompile Include="..\..\..\src\mocha\roaster\memory\pool.cc">
      <Filter>src</Filter>
    </ClCompile>
    <ClCompile Include="..\..\..\src\mocha\roaster\encoding\encoding.cc">
      <Filter>src</Filter>
    </ClCompile>
    <ClCompile Include="..\..\..\src\mocha\roaster\tokens\js_token.cc">
      <Filter>src</Filter>
    </ClCompile>
    <ClCompile Include="..\..\..\src\mocha\roaster\tokens\token_info.cc">
      <Filter>src</Filter>
    </ClCompile>
    <ClCompile Include="..\..\..\src\mocha\roaster\tokens\symbol_list.cc">
      <Filter>src</Filter>
    </ClCompile>
    <ClCompile Include="..\..\..\src\mocha\roaster\consts\consts.cc">
      <Filter>src</Filter>
    </ClCompile>
    <ClCompile Include="..\..\..\src\mocha\roaster\roaster.cc">
      <Filter>src</Filter>
    </ClCompile>
    <ClCompile Include="..\..\..\src\mocha\roaster\ast\builder\ast_builder.cc">
      <Filter>src</Filter>
    </ClCompile>
    <ClCompile Include="..\..\..\src\mocha\roaster\ast\ast.cc">
      <Filter>src</Filter>
    </ClCompile>
    <ClCompile Include="..\..\..\src\mocha\roaster\ast\visitors\symbol_collector.cc">
      <Filter>src</Filter>
    </ClCompile>
    <ClCompile Include="..\..\..\src\mocha\roaster\ast\visitors\ast_transformer.cc">
      <Filter>src</Filter>
    </ClCompile>
    <ClCompile Include="..\..\..\src\mocha\roaster\ast\visitors\codegen_visitor.cc">
      <Filter>src</Filter>
    </ClCompile>
    <ClCompile Include="..\..\..\src\mocha\roaster\ast\visitors\optimizer_visitor.cc">
      <Filter>src</Filter>
    </ClCompile>
    <ClCompile Include="..\..\..\src\mocha\roaster\ast\visitors\utils\processors\fileroot_processor.cc">
      <Filter>src</Filter>
    </ClCompile>
    <ClCompile Include="..\..\..\src\mocha\roaster\ast\visitors\utils\processors\import_processor.cc">
      <Filter>src</Filter>
    </ClCompile>
    <ClCompile Include="..\..\..\src\mocha\roaster\ast\visitors\utils\processors\iteration_processor.cc">
      <Filter>src</Filter>
    </ClCompile>
    <ClCompile Include="..\..\..\src\mocha\roaster\ast\visitors\utils\processors\array_processor.cc">
      <Filter>src</Filter>
    </ClCompile>
    <ClCompile Include="..\..\..\src\mocha\roaster\ast\visitors\utils\processors\function_processor.cc">
      <Filter>src</Filter>
    </ClCompile>
    <ClCompile Include="..\..\..\src\mocha\roaster\ast\visitors\utils\processors\syntax_sugar_processor.cc">
      <Filter>src</Filter>
    </ClCompile>
    <ClCompile Include="..\..\..\src\mocha\roaster\ast\visitors\utils\processors\call_processor.cc">
      <Filter>src</Filter>
    </ClCompile>
    <ClCompile Include="..\..\..\src\mocha\roaster\ast\visitors\utils\processors\yield_processor.cc">
      <Filter>src</Filter>
    </ClCompile>
    <ClCompile Include="..\..\..\src\mocha\roaster\ast\visitors\utils\processors\module_processor.cc">
      <Filter>src</Filter>
    </ClCompile>
    <ClCompile Include="..\..\..\src\mocha\roaster\ast\visitors\utils\processors\trait_processor.cc">
      <Filter>src</Filter>
    </ClCompile>
    <ClCompile Include="..\..\..\src\mocha\roaster\ast\visitors\utils\processors\object_processor.cc">
      <Filter>src</Filter>
    </ClCompile>
    <ClCompile Include="..\..\..\src\mocha\roaster\ast\visitors\utils\processors\dsta_processor.cc">
      <Filter>src</Filter>
    </ClCompile>
    <ClCompile Include="..\..\..\src\mocha\roaster\ast\visitors\utils\processors\variable_processor.cc">
      <Filter>src</Filter>
    </ClCompile>
    <ClCompile Include="..\..\..\src\mocha\roaster\ast\visitors\utils\processors\class_processor.cc">
      <Filter>src</Filter>
    </ClCompile>
    <ClCompile Include="..\..\..\src\mocha\roaster\ast\visitors\utils\processors\export_processor.cc">
      <Filter>src</Filter>
    </ClCompile>
    <ClCompile Include="..\..\..\src\mocha\roaster\ast\visitors\utils\processors\processor_info.cc">
      <Filter>src</Filter>
    </ClCompile>
    <ClCompile Include="..\..\..\src\mocha\roaster\ast\visitors\utils\codewriter.cc">
      <Filter>src</Filter>
    </ClCompile>
    <ClCompile Include="..\..\..\src\mocha\roaster\ast\visitors\utils\visitor_info.cc">
      <Filter>src</Filter>
    </ClCompile>
    <ClCompile Include="..\..\..\src\mocha\roaster\ast\visitors\utils\opt\constant_optimizer.cc">
      <Filter>src</Filter>
    </ClCompile>
    <ClCompile Include="..\..\..\src\mocha\roaster\ast\visitors\utils\opt\ifstatement_optimizer.cc">
      <Filter>src</Filter>
    </ClCompile>
    <ClCompile Include="..\..\..\src\mocha\roaster\runtime\runtime.cc">
      <Filter>src</Filter>
    </ClCompile>
    <ClCompile Include="..\..\..\src\mocha\roaster\external\external_ast.cc">
      <Filter>src</Filter>
    </ClCompile>
    <ClCompile Include="..\..\..\src\mocha\roaster\compiler.cc">
      <Filter>src</Filter>
    </ClCompile>
    <ClCompile Include="..\..\..\src\mocha\roaster\utils\compiler_utils.cc">
      <Filter>src</Filter>
    </ClCompile>
    <ClCompile Include="..\..\..\src\mocha\roaster\utils\error_reporter.cc">
      <Filter>src</Filter>
    </ClCompile>
    <ClCompile Include="..\..\..\src\mocha\roaster\utils\exception_handler.cc">
      <Filter>src</Filter>
    </ClCompile>
    <ClCompile Include="..\..\..\src\mocha\roaster\utils\compilation_info.cc">
      <Filter>src</Filter>
    </ClCompile>
    <ClCompile Include="..\..\..\src\mocha\roaster\utils\compilation_result.cc">
      <Filter>src</Filter>
    </ClCompile>
    <ClCompile Include="..\..\..\src\mocha\roaster\parser\parser.cc">
      <Filter>src</Filter>
    </ClCompile>
    <ClCompile Include="..\..\..\src\mocha\main.cc">
      <Filter>src</Filter>
    </ClCompile>
    <ClCompile Include="..\..\..\src\mocha\misc\char_allocator.cc">
      <Filter>src</Filter>
    </ClCompile>
    <ClCompile Include="..\..\..\src\mocha\misc\file_writer.cc">
      <Filter>src</Filter>
    </ClCompile>
    <ClCompile Include="..\..\..\src\mocha\misc\profiler.cc">
      <Filter>src</Filter>
    </ClCompile>
    <ClCompile Include="..\..\..\src\mocha\misc\file_watcher\file_watcher-impl.cc">
      <Filter>src</Filter>
    </ClCompile>
    <ClCompile Include="..\..\..\src\mocha\misc\file_watcher\file_watcher.cc">
      <Filter>src</Filter>
    </ClCompile>
    <ClCompile Include="..\..\..\src\mocha\misc\file_watcher\observer\xml_observer.cc">
      <Filter>src</Filter>
    </ClCompile>
    <ClCompile Include="..\..\..\src\mocha\misc\file_watcher\observer\file_observer.cc">
      <Filter>src</Filter>
    </ClCompile>
    <ClCompile Include="..\..\..\src\mocha\xml\versions.cc">
      <Filter>src</Filter>
    </ClCompile>
    <ClCompile Include="..\..\..\src\mocha\xml\xml_setting_info.cc">
      <Filter>src</Filter>
    </ClCompile>
    <ClCompile Include="..\..\..\src\mocha\xml\xml_reader.cc">
      <Filter>src</Filter>
    </ClCompile>
    <ClCompile Include="..\..\..\src\mocha\options\commandline\commandline_options.cc">
      <Filter>src</Filter>
    </ClCompile>
    <ClCompile Include="..\..\..\src\mocha\options\setting.cc">
      <Filter>src</Filter>
    </ClCompile>
    <ClCompile Include="..\..\..\src\mocha\options\options.cc">
      <Filter>src</Filter>
    </ClCompile>
    <ClCompile Include="..\..\..\src\mocha\bootstrap\bootstrap.cc">
      <Filter>src</Filter>
    </ClCompile>
    <ClCompile Include="..\..\..\src\mocha\bootstrap\runners\list_runner.cc">
      <Filter>src</Filter>
    </ClCompile>
    <ClCompile Include="..\..\..\src\mocha\bootstrap\runners\phantom_runner.cc">
      <Filter>src</Filter>
    </ClCompile>
    <ClCompile Include="..\..\..\src\mocha\bootstrap\runners\compile_runner.cc">
      <Filter>src</Filter>
    </ClCompile>
    <ClCompile Include="..\..\..\src\mocha\bootstrap\runners\help_runner.cc">
      <Filter>src</Filter>
    </ClCompile>
    <ClCompile Include="..\..\..\src\mocha\bootstrap\runners\error_runner.cc">
      <Filter>src</Filter>
    </ClCompile>
    <ClCompile Include="..\..\..\src\mocha\bootstrap\runners\observer_runner.cc">
      <Filter>src</Filter>
    </ClCompile>
    <ClCompile Include="..\..\..\src\mocha\bootstrap\interactions\interaction.cc">
      <Filter>src</Filter>
    </ClCompile>
    <ClCompile Include="..\..\..\src\mocha\bootstrap\interactions\commands_analyzer.cc">
      <Filter>src</Filter>
    </ClCompile>
    <ClCompile Include="..\..\..\src\mocha\bootstrap\interactions\commands.cc">
      <Filter>src</Filter>
    </ClCompile>
    <ClCompile Include="..\..\..\src\mocha\fileinfo\fileinfo.cc">
      <Filter>src</Filter>
    </ClCompile>
    <ClCompile Include="..\..\..\src\third_party\tinyxml\tinyxml.cc">
      <Filter>src</Filter>
    </ClCompile>
    <ClCompile Include="..\..\..\src\third_party\tinyxml\tinyxmlerror.cc">
      <Filter>src</Filter>
    </ClCompile>
    <ClCompile Include="..\..\..\src\third_party\tinyxml\tinyxmlparser.cc">
      <Filter>src</Filter>
    </ClCompile>
    <ClCompile Include="..\..\..\src\third_party\tinyxml\tinystr.cc">
      <Filter>src</Filter>
    </ClCompile>
  </ItemGroup>
  <ItemGroup>
    <ClInclude Include="..\..\..\src\mocha\roaster\misc\static_assert.h">
      <Filter>src</Filter>
    </ClInclude>
    <ClInclude Include="..\..\..\src\mocha\roaster\misc\atomic.h">
      <Filter>src</Filter>
    </ClInclude>
    <ClInclude Include="..\..\..\src\mocha\roaster\misc\class_traits\unallocatable.h">
      <Filter>src</Filter>
    </ClInclude>
    <ClInclude Include="..\..\..\src\mocha\roaster\misc\class_traits\static.h">
      <Filter>src</Filter>
    </ClInclude>
    <ClInclude Include="..\..\..\src\mocha\roaster\misc\class_traits\uncopyable.h">
      <Filter>src</Filter>
    </ClInclude>
    <ClInclude Include="..\..\..\src\mocha\roaster\misc\bits.h">
      <Filter>src</Filter>
    </ClInclude>
    <ClInclude Include="..\..\..\src\mocha\roaster\scanner\source_stream.h">
      <Filter>src</Filter>
    </ClInclude>
    <ClInclude Include="..\..\..\src\mocha\roaster\scanner\token_stream.h">
      <Filter>src</Filter>
    </ClInclude>
    <ClInclude Include="..\..\..\src\mocha\roaster\scanner\scanner_state.h">
      <Filter>src</Filter>
    </ClInclude>
    <ClInclude Include="..\..\..\src\mocha\roaster\scanner\scanner.h">
      <Filter>src</Filter>
    </ClInclude>
    <ClInclude Include="..\..\..\src\mocha\roaster\scopes\scope.h">
      <Filter>src</Filter>
    </ClInclude>
    <ClInclude Include="..\..\..\src\mocha\roaster\platform\thread\thread.h">
      <Filter>src</Filter>
    </ClInclude>
    <ClInclude Include="..\..\..\src\mocha\roaster\platform\thread\thread-win32.h">
      <Filter>src</Filter>
    </ClInclude>
    <ClInclude Include="..\..\..\src\mocha\roaster\platform\fs\fs.h">
      <Filter>src</Filter>
    </ClInclude>
    <ClInclude Include="..\..\..\src\mocha\roaster\platform\fs\virtual_directory.h">
      <Filter>src</Filter>
    </ClInclude>
    <ClInclude Include="..\..\..\src\mocha\roaster\platform\fs\directory.h">
      <Filter>src</Filter>
    </ClInclude>
    <ClInclude Include="..\..\..\src\mocha\roaster\platform\fs\mkdir.h">
      <Filter>src</Filter>
    </ClInclude>
    <ClInclude Include="..\..\..\src\mocha\roaster\platform\fs\stat.h">
      <Filter>src</Filter>
    </ClInclude>
    <ClInclude Include="..\..\..\src\mocha\roaster\platform\fs\directory-inl.h">
      <Filter>src</Filter>
    </ClInclude>
    <ClInclude Include="..\..\..\src\mocha\roaster\platform\fs\fio.h">
      <Filter>src</Filter>
    </ClInclude>
    <ClInclude Include="..\..\..\src\mocha\roaster\binding\parser_connector.h">
      <Filter>src</Filter>
    </ClInclude>
    <ClInclude Include="..\..\..\src\mocha\roaster\roaster.h">
      <Filter>src</Filter>
    </ClInclude>
    <ClInclude Include="..\..\..\src\mocha\roaster\memory\pool-inl.h">
      <Filter>src</Filter>
    </ClInclude>
    <ClInclude Include="..\..\..\src\mocha\roaster\memory\pool.h">
      <Filter>src</Filter>
    </ClInclude>
    <ClInclude Include="..\..\..\src\mocha\roaster\compiler.h">
      <Filter>src</Filter>
    </ClInclude>
    <ClInclude Include="..\..\..\src\mocha\roaster\encoding\encoding.h">
      <Filter>src</Filter>
    </ClInclude>
    <ClInclude Include="..\..\..\src\mocha\roaster\tokens\js_token.h">
      <Filter>src</Filter>
    </ClInclude>
    <ClInclude Include="..\..\..\src\mocha\roaster\tokens\symbol_list.h">
      <Filter>src</Filter>
    </ClInclude>
    <ClInclude Include="..\..\..\src\mocha\roaster\tokens\token_info.h">
      <Filter>src</Filter>
    </ClInclude>
    <ClInclude Include="..\..\..\src\mocha\roaster\consts\consts.h">
      <Filter>src</Filter>
    </ClInclude>
    <ClInclude Include="..\..\..\src\mocha\roaster\ast\builder\ast_builder.h">
      <Filter>src</Filter>
    </ClInclude>
    <ClInclude Include="..\..\..\src\mocha\roaster\ast\visitors\codegen_visitor.h">
      <Filter>src</Filter>
    </ClInclude>
    <ClInclude Include="..\..\..\src\mocha\roaster\ast\visitors\ivisitor.h">
      <Filter>src</Filter>
    </ClInclude>
    <ClInclude Include="..\..\..\src\mocha\roaster\ast\visitors\ast_transformer.h">
      <Filter>src</Filter>
    </ClInclude>
    <ClInclude Include="..\..\..\src\mocha\roaster\ast\visitors\symbol_collector.h">
      <Filter>src</Filter>
    </ClInclude>
    <ClInclude Include="..\..\..\src\mocha\roaster\ast\visitors\optimizer_visitor.h">
      <Filter>src</Filter>
    </ClInclude>
    <ClInclude Include="..\..\..\src\mocha\roaster\ast\visitors\visitor_decl.h">
      <Filter>src</Filter>
    </ClInclude>
    <ClInclude Include="..\..\..\src\mocha\roaster\ast\visitors\utils\processors\function_processor.h">
      <Filter>src</Filter>
    </ClInclude>
    <ClInclude Include="..\..\..\src\mocha\roaster\ast\visitors\utils\processors\yield_processor.h">
      <Filter>src</Filter>
    </ClInclude>
    <ClInclude Include="..\..\..\src\mocha\roaster\ast\visitors\utils\processors\object_processor.h">
      <Filter>src</Filter>
    </ClInclude>
    <ClInclude Include="..\..\..\src\mocha\roaster\ast\visitors\utils\processors\fileroot_processor.h">
      <Filter>src</Filter>
    </ClInclude>
    <ClInclude Include="..\..\..\src\mocha\roaster\ast\visitors\utils\processors\export_processor.h">
      <Filter>src</Filter>
    </ClInclude>
    <ClInclude Include="..\..\..\src\mocha\roaster\ast\visitors\utils\processors\variable_processor.h">
      <Filter>src</Filter>
    </ClInclude>
    <ClInclude Include="..\..\..\src\mocha\roaster\ast\visitors\utils\processors\array_processor.h">
      <Filter>src</Filter>
    </ClInclude>
    <ClInclude Include="..\..\..\src\mocha\roaster\ast\visitors\utils\processors\iteration_processor.h">
      <Filter>src</Filter>
    </ClInclude>
    <ClInclude Include="..\..\..\src\mocha\roaster\ast\visitors\utils\processors\module_processor.h">
      <Filter>src</Filter>
    </ClInclude>
    <ClInclude Include="..\..\..\src\mocha\roaster\ast\visitors\utils\processors\syntax_sugar_processor.h">
      <Filter>src</Filter>
    </ClInclude>
    <ClInclude Include="..\..\..\src\mocha\roaster\ast\visitors\utils\processors\trait_processor.h">
      <Filter>src</Filter>
    </ClInclude>
    <ClInclude Include="..\..\..\src\mocha\roaster\ast\visitors\utils\processors\processor.h">
      <Filter>src</Filter>
    </ClInclude>
    <ClInclude Include="..\..\..\src\mocha\roaster\ast\visitors\utils\processors\call_processor.h">
      <Filter>src</Filter>
    </ClInclude>
    <ClInclude Include="..\..\..\src\mocha\roaster\ast\visitors\utils\processors\class_processor.h">
      <Filter>src</Filter>
    </ClInclude>
    <ClInclude Include="..\..\..\src\mocha\roaster\ast\visitors\utils\processors\processor_info.h">
      <Filter>src</Filter>
    </ClInclude>
    <ClInclude Include="..\..\..\src\mocha\roaster\ast\visitors\utils\processors\import_processor.h">
      <Filter>src</Filter>
    </ClInclude>
    <ClInclude Include="..\..\..\src\mocha\roaster\ast\visitors\utils\processors\dsta_processor.h">
      <Filter>src</Filter>
    </ClInclude>
    <ClInclude Include="..\..\..\src\mocha\roaster\ast\visitors\utils\visitor_info.h">
      <Filter>src</Filter>
    </ClInclude>
    <ClInclude Include="..\..\..\src\mocha\roaster\ast\visitors\utils\codewriter.h">
      <Filter>src</Filter>
    </ClInclude>
    <ClInclude Include="..\..\..\src\mocha\roaster\ast\visitors\utils\opt\constant_optimizer.h">
      <Filter>src</Filter>
    </ClInclude>
    <ClInclude Include="..\..\..\src\mocha\roaster\ast\visitors\utils\opt\ifstatement_optimizer.h">
      <Filter>src</Filter>
    </ClInclude>
    <ClInclude Include="..\..\..\src\mocha\roaster\ast\visitors\utils\codegenerator_utils.h">
      <Filter>src</Filter>
    </ClInclude>
    <ClInclude Include="..\..\..\src\mocha\roaster\ast\ast_foward_decl.h">
      <Filter>src</Filter>
    </ClInclude>
    <ClInclude Include="..\..\..\src\mocha\roaster\ast\ast.h">
      <Filter>src</Filter>
    </ClInclude>
    <ClInclude Include="..\..\..\src\mocha\roaster\runtime\runtime.h">
      <Filter>src</Filter>
    </ClInclude>
    <ClInclude Include="..\..\..\src\mocha\roaster\external\external_ast.h">
      <Filter>src</Filter>
    </ClInclude>
    <ClInclude Include="..\..\..\src\mocha\roaster\internal.h">
      <Filter>src</Filter>
    </ClInclude>
    <ClInclude Include="..\..\..\src\mocha\roaster\utils\compiler_utils.h">
      <Filter>src</Filter>
    </ClInclude>
    <ClInclude Include="..\..\..\src\mocha\roaster\utils\compilation_info.h">
      <Filter>src</Filter>
    </ClInclude>
    <ClInclude Include="..\..\..\src\mocha\roaster\utils\exception_handler.h">
      <Filter>src</Filter>
    </ClInclude>
    <ClInclude Include="..\..\..\src\mocha\roaster\utils\error_reporter.h">
      <Filter>src</Filter>
    </ClInclude>
    <ClInclude Include="..\..\..\src\mocha\roaster\utils\compilation_result.h">
      <Filter>src</Filter>
    </ClInclude>
    <ClInclude Include="..\..\..\src\mocha\roaster\smart_pointer\common\ptr_deleter.h">
      <Filter>src</Filter>
    </ClInclude>
    <ClInclude Include="..\..\..\src\mocha\roaster\smart_pointer\common\ptr_handle.h">
      <Filter>src</Filter>
    </ClInclude>
    <ClInclude Include="..\..\..\src\mocha\roaster\smart_pointer\common\ptr_handle_base.h">
      <Filter>src</Filter>
    </ClInclude>
    <ClInclude Include="..\..\..\src\mocha\roaster\smart_pointer\common\ptr_traits.h">
      <Filter>src</Filter>
    </ClInclude>
    <ClInclude Include="..\..\..\src\mocha\roaster\smart_pointer\common\ptr_handle-impl.h">
      <Filter>src</Filter>
    </ClInclude>
    <ClInclude Include="..\..\..\src\mocha\roaster\smart_pointer\ref_count\shared_ptr.h">
      <Filter>src</Filter>
    </ClInclude>
    <ClInclude Include="..\..\..\src\mocha\roaster\smart_pointer\ref_count\shared_ptr-impl.h">
      <Filter>src</Filter>
    </ClInclude>
    <ClInclude Include="..\..\..\src\mocha\roaster\smart_pointer\ref_count\refcount_base.h">
      <Filter>src</Filter>
    </ClInclude>
    <ClInclude Include="..\..\..\src\mocha\roaster\smart_pointer\ref_count\refcount.h">
      <Filter>src</Filter>
    </ClInclude>
    <ClInclude Include="..\..\..\src\mocha\roaster\smart_pointer\ref_count\refcount-impl.h">
      <Filter>src</Filter>
    </ClInclude>
    <ClInclude Include="..\..\..\src\mocha\roaster\smart_pointer\scope\scoped_list.h">
      <Filter>src</Filter>
    </ClInclude>
    <ClInclude Include="..\..\..\src\mocha\roaster\smart_pointer\scope\scoped_ptr.h">
      <Filter>src</Filter>
    </ClInclude>
    <ClInclude Include="..\..\..\src\mocha\roaster\smart_pointer\scope\scoped_list-impl.h">
      <Filter>src</Filter>
    </ClInclude>
    <ClInclude Include="..\..\..\src\mocha\roaster\smart_pointer\scope\scoped_ptr-impl.h">
      <Filter>src</Filter>
    </ClInclude>
    <ClInclude Include="..\..\..\src\mocha\roaster\parser\parser.h">
      <Filter>src</Filter>
    </ClInclude>
    <ClInclude Include="..\..\..\src\mocha\roaster\lib\unordered_map.h">
      <Filter>src</Filter>
    </ClInclude>
    <ClInclude Include="..\..\..\src\mocha\misc\int_types.h">
      <Filter>src</Filter>
    </ClInclude>
    <ClInclude Include="..\..\..\src\mocha\misc\profiler.h">
      <Filter>src</Filter>
    </ClInclude>
    <ClInclude Include="..\..\..\src\mocha\misc\char_allocator.h">
      <Filter>src</Filter>
    </ClInclude>
    <ClInclude Include="..\..\..\src\mocha\misc\file_writer.h">
      <Filter>src</Filter>
    </ClInclude>
    <ClInclude Include="..\..\..\src\mocha\misc\file_watcher\observer\file_observer.h">
      <Filter>src</Filter>
    </ClInclude>
    <ClInclude Include="..\..\..\src\mocha\misc\file_watcher\observer\xml_observer.h">
      <Filter>src</Filter>
    </ClInclude>
    <ClInclude Include="..\..\..\src\mocha\misc\file_watcher\file_watcher.h">
      <Filter>src</Filter>
    </ClInclude>
    <ClInclude Include="..\..\..\src\mocha\misc\fixed_array.h">
      <Filter>src</Filter>
    </ClInclude>
    <ClInclude Include="..\..\..\src\mocha\xml\versions.h">
      <Filter>src</Filter>
    </ClInclude>
    <ClInclude Include="..\..\..\src\mocha\xml\xml_reader.h">
      <Filter>src</Filter>
    </ClInclude>
    <ClInclude Include="..\..\..\src\mocha\xml\xml_setting_info-inl.h">
      <Filter>src</Filter>
    </ClInclude>
    <ClInclude Include="..\..\..\src\mocha\xml\xml_setting_info.h">
      <Filter>src</Filter>
    </ClInclude>
    <ClInclude Include="..\..\..\src\mocha\options\options.h">
      <Filter>src</Filter>
    </ClInclude>
    <ClInclude Include="..\..\..\src\mocha\options\xml_options.h">
      <Filter>src</Filter>
    </ClInclude>
    <ClInclude Include="..\..\..\src\mocha\options\setting.h">
      <Filter>src</Filter>
    </ClInclude>
    <ClInclude Include="..\..\..\src\mocha\options\commandline\commandline_options.h">
      <Filter>src</Filter>
    </ClInclude>
    <ClInclude Include="..\..\..\src\mocha\bootstrap\test\test_run.h">
      <Filter>src</Filter>
    </ClInclude>
    <ClInclude Include="..\..\..\src\mocha\bootstrap\runners\error_runner.h">
      <Filter>src</Filter>
    </ClInclude>
    <ClInclude Include="..\..\..\src\mocha\bootstrap\runners\compile_runner.h">
      <Filter>src</Filter>
    </ClInclude>
    <ClInclude Include="..\..\..\src\mocha\bootstrap\runners\observer_runner.h">
      <Filter>src</Filter>
    </ClInclude>
    <ClInclude Include="..\..\..\src\mocha\bootstrap\runners\phantom_runner.h">
      <Filter>src</Filter>
    </ClInclude>
    <ClInclude Include="..\..\..\src\mocha\bootstrap\runners\list_runner.h">
      <Filter>src</Filter>
    </ClInclude>
    <ClInclude Include="..\..\..\src\mocha\bootstrap\runners\icommandline_runner.h">
      <Filter>src</Filter>
    </ClInclude>
    <ClInclude Include="..\..\..\src\mocha\bootstrap\runners\help_runner.h">
      <Filter>src</Filter>
    </ClInclude>
    <ClInclude Include="..\..\..\src\mocha\bootstrap\interactions\commands_analyzer.h">
      <Filter>src</Filter>
    </ClInclude>
    <ClInclude Include="..\..\..\src\mocha\bootstrap\interactions\commands.h">
      <Filter>src</Filter>
    </ClInclude>
    <ClInclude Include="..\..\..\src\mocha\bootstrap\interactions\interaction.h">
      <Filter>src</Filter>
    </ClInclude>
    <ClInclude Include="..\..\..\src\mocha\bootstrap\bootstrap.h">
      <Filter>src</Filter>
    </ClInclude>
    <ClInclude Include="..\..\..\src\mocha\fileinfo\fileinfo.h">
      <Filter>src</Filter>
    </ClInclude>
    <ClInclude Include="..\..\..\src\mocha\consts\consts.h">
      <Filter>src</Filter>
    </ClInclude>
    <ClInclude Include="..\..\..\src\third_party\tinyxml\tinystr.h">
      <Filter>src</Filter>
    </ClInclude>
    <ClInclude Include="..\..\..\src\third_party\tinyxml\tinyxml.h">
      <Filter>src</Filter>
    </ClInclude>
  </ItemGroup>
</Project>