<?xml version="1.0" encoding="utf-8"?>
<Project ToolsVersion="4.0" xmlns="http://schemas.microsoft.com/developer/msbuild/2003">
  <ItemGroup>
    <Filter Include="リソース ファイル">
      <UniqueIdentifier>{67DA6AB6-F800-4c08-8B7A-83BB121AAD01}</UniqueIdentifier>
      <Extensions>rc;ico;cur;bmp;dlg;rc2;rct;bin;rgs;gif;jpg;jpeg;jpe;resx;tiff;tif;png;wav;mfcribbon-ms</Extensions>
    </Filter>
    <Filter Include="ソースファイル">
      <UniqueIdentifier>{c9fb7e4d-6882-421d-bf3d-0373be31cd7c}</UniqueIdentifier>
    </Filter>
    <Filter Include="ヘッダーファイル">
      <UniqueIdentifier>{ec50a024-fbc6-4b27-965d-65ae37929095}</UniqueIdentifier>
    </Filter>
  </ItemGroup>
  <ItemGroup>
    <ClInclude Include="..\..\..\src\mch\mocha.h">
      <Filter>ヘッダーファイル</Filter>
    </ClInclude>
    <ClInclude Include="..\..\..\src\options\options.h">
      <Filter>ヘッダーファイル</Filter>
    </ClInclude>
    <ClInclude Include="..\..\..\src\options\setting.h">
      <Filter>ヘッダーファイル</Filter>
    </ClInclude>
    <ClInclude Include="..\..\..\src\options\xml_options.h">
      <Filter>ヘッダーファイル</Filter>
    </ClInclude>
    <ClInclude Include="..\..\..\src\options\commandline\commandline_options.h">
      <Filter>ヘッダーファイル</Filter>
    </ClInclude>
    <ClInclude Include="..\..\..\src\tinyxml\tinystr.h">
      <Filter>ヘッダーファイル</Filter>
    </ClInclude>
    <ClInclude Include="..\..\..\src\tinyxml\tinyxml.h">
      <Filter>ヘッダーファイル</Filter>
    </ClInclude>
    <ClInclude Include="..\..\..\src\utils\char_allocator.h">
      <Filter>ヘッダーファイル</Filter>
    </ClInclude>
    <ClInclude Include="..\..\..\src\utils\class_traits\static.h">
      <Filter>ヘッダーファイル</Filter>
    </ClInclude>
    <ClInclude Include="..\..\..\src\utils\class_traits\uncopyable.h">
      <Filter>ヘッダーファイル</Filter>
    </ClInclude>
    <ClInclude Include="..\..\..\src\utils\file_system\file_system.h">
      <Filter>ヘッダーファイル</Filter>
    </ClInclude>
    <ClInclude Include="..\..\..\src\utils\file_system\mkdir.h">
      <Filter>ヘッダーファイル</Filter>
    </ClInclude>
    <ClInclude Include="..\..\..\src\utils\file_system\pwd.h">
      <Filter>ヘッダーファイル</Filter>
    </ClInclude>
    <ClInclude Include="..\..\..\src\utils\file_system\stat.h">
      <Filter>ヘッダーファイル</Filter>
    </ClInclude>
    <ClInclude Include="..\..\..\src\utils\file_system\virtual_directory.h">
      <Filter>ヘッダーファイル</Filter>
    </ClInclude>
    <ClInclude Include="..\..\..\src\utils\file_watcher\file_watcher.h">
      <Filter>ヘッダーファイル</Filter>
    </ClInclude>
    <ClInclude Include="..\..\..\src\utils\file_watcher\observer\file_observer.h">
      <Filter>ヘッダーファイル</Filter>
    </ClInclude>
    <ClInclude Include="..\..\..\src\utils\file_watcher\observer\xml_observer.h">
      <Filter>ヘッダーファイル</Filter>
    </ClInclude>
    <ClInclude Include="..\..\..\src\utils\io\file_io.h">
      <Filter>ヘッダーファイル</Filter>
    </ClInclude>
    <ClInclude Include="..\..\..\src\utils\pool\managed.h">
      <Filter>ヘッダーファイル</Filter>
    </ClInclude>
    <ClInclude Include="..\..\..\src\utils\pool\managed_handle.h">
      <Filter>ヘッダーファイル</Filter>
    </ClInclude>
    <ClInclude Include="..\..\..\src\utils\smart_pointer\common\ptr_deleter.h">
      <Filter>ヘッダーファイル</Filter>
    </ClInclude>
    <ClInclude Include="..\..\..\src\utils\smart_pointer\common\ptr_handle.h">
      <Filter>ヘッダーファイル</Filter>
    </ClInclude>
    <ClInclude Include="..\..\..\src\utils\smart_pointer\common\ptr_handle_base.h">
      <Filter>ヘッダーファイル</Filter>
    </ClInclude>
    <ClInclude Include="..\..\..\src\utils\smart_pointer\common\ptr_handle-impl.h">
      <Filter>ヘッダーファイル</Filter>
    </ClInclude>
    <ClInclude Include="..\..\..\src\utils\smart_pointer\common\ptr_traits.h">
      <Filter>ヘッダーファイル</Filter>
    </ClInclude>
    <ClInclude Include="..\..\..\src\utils\smart_pointer\ref_count\handle.h">
      <Filter>ヘッダーファイル</Filter>
    </ClInclude>
    <ClInclude Include="..\..\..\src\utils\smart_pointer\ref_count\handle-impl.h">
      <Filter>ヘッダーファイル</Filter>
    </ClInclude>
    <ClInclude Include="..\..\..\src\utils\smart_pointer\ref_count\refcount.h">
      <Filter>ヘッダーファイル</Filter>
    </ClInclude>
    <ClInclude Include="..\..\..\src\utils\smart_pointer\ref_count\refcount_base.h">
      <Filter>ヘッダーファイル</Filter>
    </ClInclude>
    <ClInclude Include="..\..\..\src\utils\smart_pointer\ref_count\refcount-impl.h">
      <Filter>ヘッダーファイル</Filter>
    </ClInclude>
    <ClInclude Include="..\..\..\src\utils\smart_pointer\scope\scoped_list.h">
      <Filter>ヘッダーファイル</Filter>
    </ClInclude>
    <ClInclude Include="..\..\..\src\utils\smart_pointer\scope\scoped_list-impl.h">
      <Filter>ヘッダーファイル</Filter>
    </ClInclude>
    <ClInclude Include="..\..\..\src\utils\smart_pointer\scope\scoped_ptr.h">
      <Filter>ヘッダーファイル</Filter>
    </ClInclude>
    <ClInclude Include="..\..\..\src\utils\smart_pointer\scope\scoped_ptr-impl.h">
      <Filter>ヘッダーファイル</Filter>
    </ClInclude>
    <ClInclude Include="..\..\..\src\utils\thread\platform.h">
      <Filter>ヘッダーファイル</Filter>
    </ClInclude>
    <ClInclude Include="..\..\..\src\utils\thread\platform_linux.h">
      <Filter>ヘッダーファイル</Filter>
    </ClInclude>
    <ClInclude Include="..\..\..\src\utils\thread\platform_win.h">
      <Filter>ヘッダーファイル</Filter>
    </ClInclude>
    <ClInclude Include="..\..\..\src\utils\thread\thread.h">
      <Filter>ヘッダーファイル</Filter>
    </ClInclude>
    <ClInclude Include="..\..\..\src\utils\xml\xml_reader.h">
      <Filter>ヘッダーファイル</Filter>
    </ClInclude>
    <ClInclude Include="..\..\..\src\utils\xml\xml_setting_info.h">
      <Filter>ヘッダーファイル</Filter>
    </ClInclude>
    <ClInclude Include="..\..\..\src\utils\xml\xml_setting_info-inl.h">
      <Filter>ヘッダーファイル</Filter>
    </ClInclude>
    <ClInclude Include="..\..\..\src\ast\ast.h">
      <Filter>ヘッダーファイル</Filter>
    </ClInclude>
    <ClInclude Include="..\..\..\src\ast\ast_foward_decl.h">
      <Filter>ヘッダーファイル</Filter>
    </ClInclude>
    <ClInclude Include="..\..\..\src\ast\visitors\ast_visitor.h">
      <Filter>ヘッダーファイル</Filter>
    </ClInclude>
    <ClInclude Include="..\..\..\src\ast\visitors\codegen_visitor.h">
      <Filter>ヘッダーファイル</Filter>
    </ClInclude>
    <ClInclude Include="..\..\..\src\ast\visitors\ivisitor.h">
      <Filter>ヘッダーファイル</Filter>
    </ClInclude>
    <ClInclude Include="..\..\..\src\ast\visitors\visitor_decl.h">
      <Filter>ヘッダーファイル</Filter>
    </ClInclude>
    <ClInclude Include="..\..\..\src\ast\visitors\utils\codewriter.h">
      <Filter>ヘッダーファイル</Filter>
    </ClInclude>
    <ClInclude Include="..\..\..\src\bootstrap\bootstrap.h">
      <Filter>ヘッダーファイル</Filter>
    </ClInclude>
    <ClInclude Include="..\..\..\src\bootstrap\interactions\interaction.h">
      <Filter>ヘッダーファイル</Filter>
    </ClInclude>
    <ClInclude Include="..\..\..\src\bootstrap\runners\compile_runner.h">
      <Filter>ヘッダーファイル</Filter>
    </ClInclude>
    <ClInclude Include="..\..\..\src\bootstrap\runners\help_runner.h">
      <Filter>ヘッダーファイル</Filter>
    </ClInclude>
    <ClInclude Include="..\..\..\src\bootstrap\runners\icommandline_runner.h">
      <Filter>ヘッダーファイル</Filter>
    </ClInclude>
    <ClInclude Include="..\..\..\src\bootstrap\runners\observer_runner.h">
      <Filter>ヘッダーファイル</Filter>
    </ClInclude>
    <ClInclude Include="..\..\..\src\compiler\compiler.h">
      <Filter>ヘッダーファイル</Filter>
    </ClInclude>
    <ClInclude Include="..\..\..\src\compiler\internal.h">
      <Filter>ヘッダーファイル</Filter>
    </ClInclude>
    <ClInclude Include="..\..\..\src\compiler\binding\parser_connector.h">
      <Filter>ヘッダーファイル</Filter>
    </ClInclude>
    <ClInclude Include="..\..\..\src\compiler\binding\parser_tracer.h">
      <Filter>ヘッダーファイル</Filter>
    </ClInclude>
    <ClInclude Include="..\..\..\src\compiler\binding\yylex.h">
      <Filter>ヘッダーファイル</Filter>
    </ClInclude>
    <ClInclude Include="..\..\..\src\compiler\scanner\queue_scanner.h">
      <Filter>ヘッダーファイル</Filter>
    </ClInclude>
    <ClInclude Include="..\..\..\src\compiler\scopes\scope.h">
      <Filter>ヘッダーファイル</Filter>
    </ClInclude>
    <ClInclude Include="..\..\..\src\compiler\tokens\js_token.h">
      <Filter>ヘッダーファイル</Filter>
    </ClInclude>
    <ClInclude Include="..\..\..\src\compiler\tokens\token_info.h">
      <Filter>ヘッダーファイル</Filter>
    </ClInclude>
    <ClInclude Include="..\..\..\src\compiler\utils\compiler_starter.h">
      <Filter>ヘッダーファイル</Filter>
    </ClInclude>
    <ClInclude Include="..\..\..\src\compiler\utils\compiler_utils.h">
      <Filter>ヘッダーファイル</Filter>
    </ClInclude>
    <ClInclude Include="..\..\..\src\unconfig.h">
      <Filter>ヘッダーファイル</Filter>
    </ClInclude>
    <ClInclude Include="..\..\..\src\useconfig.h">
      <Filter>ヘッダーファイル</Filter>
    </ClInclude>
    <ClInclude Include="..\..\..\src\define.h">
      <Filter>ヘッダーファイル</Filter>
    </ClInclude>
    <ClInclude Include="..\..\..\src\bootstrap\interactions\commands.h">
      <Filter>ヘッダーファイル</Filter>
    </ClInclude>
    <ClInclude Include="..\..\..\src\bootstrap\interactions\commands_analyzer.h">
      <Filter>ヘッダーファイル</Filter>
    </ClInclude>
    <ClInclude Include="..\..\..\src\compiler\tokens\symbol_list.h">
      <Filter>ソースファイル</Filter>
    </ClInclude>
    <ClInclude Include="..\..\..\src\ast\visitors\utils\processors\class_processor.h">
      <Filter>ヘッダーファイル</Filter>
    </ClInclude>
    <ClInclude Include="..\..\..\src\ast\visitors\utils\processors\dsta_processor.h">
      <Filter>ヘッダーファイル</Filter>
    </ClInclude>
    <ClInclude Include="..\..\..\src\ast\visitors\utils\processors\iteration_processor.h">
      <Filter>ヘッダーファイル</Filter>
    </ClInclude>
    <ClInclude Include="..\..\..\src\ast\visitors\utils\processors\processor_info.h">
      <Filter>ヘッダーファイル</Filter>
    </ClInclude>
    <ClInclude Include="..\..\..\src\ast\visitors\utils\processors\variable_processor.h">
      <Filter>ヘッダーファイル</Filter>
    </ClInclude>
    <ClInclude Include="..\..\..\src\ast\visitors\utils\codegenerator_utils.h">
      <Filter>ヘッダーファイル</Filter>
    </ClInclude>
    <ClInclude Include="..\..\..\src\ast\visitors\utils\visitor_info.h">
      <Filter>ヘッダーファイル</Filter>
    </ClInclude>
    <ClInclude Include="..\..\..\src\utils\xml\versions.h">
      <Filter>ヘッダーファイル</Filter>
    </ClInclude>
    <ClInclude Include="..\..\..\src\ast\utils\ast_utils.h">
      <Filter>ヘッダーファイル</Filter>
    </ClInclude>
    <ClInclude Include="..\..\..\src\bootstrap\runners\list_runner.h">
      <Filter>ヘッダーファイル</Filter>
    </ClInclude>
    <ClInclude Include="..\..\..\src\bootstrap\runners\error_runner.h">
      <Filter>ヘッダーファイル</Filter>
    </ClInclude>
  </ItemGroup>
  <ItemGroup>
    <None Include="..\..\..\src\grammar\grammar.tab.hh">
      <Filter>ヘッダーファイル</Filter>
    </None>
    <None Include="..\..\..\src\grammar\location.hh">
      <Filter>ヘッダーファイル</Filter>
    </None>
    <None Include="..\..\..\src\grammar\position.hh">
      <Filter>ヘッダーファイル</Filter>
    </None>
    <None Include="..\..\..\src\grammar\stack.hh">
      <Filter>ヘッダーファイル</Filter>
    </None>
  </ItemGroup>
  <ItemGroup>
    <ClCompile Include="..\..\..\src\ast\ast.cc">
      <Filter>ソースファイル</Filter>
    </ClCompile>
    <ClCompile Include="..\..\..\src\ast\visitors\ast_visitor.cc">
      <Filter>ソースファイル</Filter>
    </ClCompile>
    <ClCompile Include="..\..\..\src\ast\visitors\codegen_visitor.cc">
      <Filter>ソースファイル</Filter>
    </ClCompile>
    <ClCompile Include="..\..\..\src\ast\visitors\utils\codewriter.cc">
      <Filter>ソースファイル</Filter>
    </ClCompile>
    <ClCompile Include="..\..\..\src\bootstrap\bootstrap.cc">
      <Filter>ソースファイル</Filter>
    </ClCompile>
    <ClCompile Include="..\..\..\src\bootstrap\interactions\interaction.cc">
      <Filter>ソースファイル</Filter>
    </ClCompile>
    <ClCompile Include="..\..\..\src\bootstrap\runners\compile_runner.cc">
      <Filter>ソースファイル</Filter>
    </ClCompile>
    <ClCompile Include="..\..\..\src\bootstrap\runners\help_runner.cc">
      <Filter>ソースファイル</Filter>
    </ClCompile>
    <ClCompile Include="..\..\..\src\bootstrap\runners\observer_runner.cc">
      <Filter>ソースファイル</Filter>
    </ClCompile>
    <ClCompile Include="..\..\..\src\compiler\compiler.cc">
      <Filter>ソースファイル</Filter>
    </ClCompile>
    <ClCompile Include="..\..\..\src\compiler\internal.cc">
      <Filter>ソースファイル</Filter>
    </ClCompile>
    <ClCompile Include="..\..\..\src\compiler\binding\parser_connector.cc">
      <Filter>ソースファイル</Filter>
    </ClCompile>
    <ClCompile Include="..\..\..\src\compiler\binding\parser_tracer.cc">
      <Filter>ソースファイル</Filter>
    </ClCompile>
    <ClCompile Include="..\..\..\src\compiler\scanner\queue_scanner.cc">
      <Filter>ソースファイル</Filter>
    </ClCompile>
    <ClCompile Include="..\..\..\src\compiler\scopes\scope.cc">
      <Filter>ソースファイル</Filter>
    </ClCompile>
    <ClCompile Include="..\..\..\src\compiler\tokens\js_token.cc">
      <Filter>ソースファイル</Filter>
    </ClCompile>
    <ClCompile Include="..\..\..\src\compiler\tokens\token_info.cc">
      <Filter>ソースファイル</Filter>
    </ClCompile>
    <ClCompile Include="..\..\..\src\compiler\utils\compiler_starter.cc">
      <Filter>ソースファイル</Filter>
    </ClCompile>
    <ClCompile Include="..\..\..\src\compiler\utils\compiler_utils.cc">
      <Filter>ソースファイル</Filter>
    </ClCompile>
    <ClCompile Include="..\..\..\src\grammar\grammar.tab.cc">
      <Filter>ソースファイル</Filter>
    </ClCompile>
    <ClCompile Include="..\..\..\src\mch\main.cc">
      <Filter>ソースファイル</Filter>
    </ClCompile>
    <ClCompile Include="..\..\..\src\mch\mocha.cc">
      <Filter>ソースファイル</Filter>
    </ClCompile>
    <ClCompile Include="..\..\..\src\options\setting.cc">
      <Filter>ソースファイル</Filter>
    </ClCompile>
    <ClCompile Include="..\..\..\src\options\commandline\commandline_options.cc">
      <Filter>ソースファイル</Filter>
    </ClCompile>
    <ClCompile Include="..\..\..\src\tinyxml\tinystr.cpp">
      <Filter>ソースファイル</Filter>
    </ClCompile>
    <ClCompile Include="..\..\..\src\tinyxml\tinyxml.cpp">
      <Filter>ソースファイル</Filter>
    </ClCompile>
    <ClCompile Include="..\..\..\src\tinyxml\tinyxmlerror.cpp">
      <Filter>ソースファイル</Filter>
    </ClCompile>
    <ClCompile Include="..\..\..\src\tinyxml\tinyxmlparser.cpp">
      <Filter>ソースファイル</Filter>
    </ClCompile>
    <ClCompile Include="..\..\..\src\utils\char_allocator.cc">
      <Filter>ソースファイル</Filter>
    </ClCompile>
    <ClCompile Include="..\..\..\src\utils\file_system\file_system.cc">
      <Filter>ソースファイル</Filter>
    </ClCompile>
    <ClCompile Include="..\..\..\src\utils\file_system\mkdir.cc">
      <Filter>ソースファイル</Filter>
    </ClCompile>
    <ClCompile Include="..\..\..\src\utils\file_system\pwd.cc">
      <Filter>ソースファイル</Filter>
    </ClCompile>
    <ClCompile Include="..\..\..\src\utils\file_system\stat.cc">
      <Filter>ソースファイル</Filter>
    </ClCompile>
    <ClCompile Include="..\..\..\src\utils\file_system\virtual_directory.cc">
      <Filter>ソースファイル</Filter>
    </ClCompile>
    <ClCompile Include="..\..\..\src\utils\file_watcher\file_watcher.cc">
      <Filter>ソースファイル</Filter>
    </ClCompile>
    <ClCompile Include="..\..\..\src\utils\file_watcher\file_watcher-impl.cc">
      <Filter>ソースファイル</Filter>
    </ClCompile>
    <ClCompile Include="..\..\..\src\utils\file_watcher\observer\file_observer.cc">
      <Filter>ソースファイル</Filter>
    </ClCompile>
    <ClCompile Include="..\..\..\src\utils\file_watcher\observer\xml_observer.cc">
      <Filter>ソースファイル</Filter>
    </ClCompile>
    <ClCompile Include="..\..\..\src\utils\io\file_io.cc">
      <Filter>ソースファイル</Filter>
    </ClCompile>
    <ClCompile Include="..\..\..\src\utils\pool\managed_handle.cc">
      <Filter>ソースファイル</Filter>
    </ClCompile>
    <ClCompile Include="..\..\..\src\utils\thread\thread.cc">
      <Filter>ソースファイル</Filter>
    </ClCompile>
    <ClCompile Include="..\..\..\src\utils\thread\thread-win-impl.cc">
      <Filter>ソースファイル</Filter>
    </ClCompile>
    <ClCompile Include="..\..\..\src\utils\xml\xml_reader.cc">
      <Filter>ソースファイル</Filter>
    </ClCompile>
    <ClCompile Include="..\..\..\src\utils\xml\xml_setting_info.cc">
      <Filter>ソースファイル</Filter>
    </ClCompile>
    <ClCompile Include="..\..\..\src\bootstrap\interactions\commands.cc">
      <Filter>ソースファイル</Filter>
    </ClCompile>
    <ClCompile Include="..\..\..\src\bootstrap\interactions\commands_analyzer.cc">
      <Filter>ソースファイル</Filter>
    </ClCompile>
    <ClCompile Include="..\..\..\src\compiler\tokens\symbol_list.cc">
      <Filter>ソースファイル</Filter>
    </ClCompile>
    <ClCompile Include="..\..\..\src\utils\xml\versions.cc">
      <Filter>ソースファイル</Filter>
    </ClCompile>
    <ClCompile Include="..\..\..\src\ast\visitors\utils\visitor_info.cc">
      <Filter>ソースファイル</Filter>
    </ClCompile>
    <ClCompile Include="..\..\..\src\ast\visitors\utils\processors\class_processor.cc">
      <Filter>ソースファイル</Filter>
    </ClCompile>
    <ClCompile Include="..\..\..\src\ast\visitors\utils\processors\dsta_processor.cc">
      <Filter>ソースファイル</Filter>
    </ClCompile>
    <ClCompile Include="..\..\..\src\ast\visitors\utils\processors\iteration_processor.cc">
      <Filter>ソースファイル</Filter>
    </ClCompile>
    <ClCompile Include="..\..\..\src\ast\visitors\utils\processors\variable_processor.cc">
      <Filter>ソースファイル</Filter>
    </ClCompile>
    <ClCompile Include="..\..\..\src\ast\utils\ast_utils.cc">
      <Filter>ソースファイル</Filter>
    </ClCompile>
    <ClCompile Include="..\..\..\src\bootstrap\runners\list_runner.cc">
      <Filter>ソースファイル</Filter>
    </ClCompile>
    <ClCompile Include="..\..\..\src\bootstrap\runners\error_runner.cc">
      <Filter>ソースファイル</Filter>
    </ClCompile>
  </ItemGroup>
</Project>